{
  "format_version": "1.2",
  "terraform_version": "1.11.4",
  "variables": {
    "bandwidth": {
      "value": 200
    },
    "client_id": {
      "value": "4uMDuALGxOfPy9R7DFTknSufcz1qaQhg3tJkXM02xnnBOxUm"
    },
    "client_secret": {
      "value": "qjp4ZEJFXYJzMrPuxmZHz12eedVKmsjYFOKsvn8MGAej3XUkJmNH2xVrTtf0JLMM"
    },
    "devices": {
      "value": {
        "AM": {
          "prim": [
            ""
          ],
          "sec": [
            ""
          ]
        },
        "FR": {
          "prim": [
            "e7838605-de1f-4ee5-8e2c-082e6d853764"
          ],
          "sec": [
            ""
          ]
        },
        "LD": {
          "prim": [
            ""
          ],
          "sec": [
            ""
          ]
        },
        "MA": {
          "prim": [
            ""
          ],
          "sec": [
            ""
          ]
        },
        "PA": {
          "prim": [
            ""
          ],
          "sec": [
            ""
          ]
        }
      }
    },
    "emails": {
      "value": [
        "someone@domain.com"
      ]
    },
    "metro_map": {
      "value": {
        "AM": {
          "cba_nr": "127154",
          "cba_type": "local",
          "country": "The Netherlands",
          "currency": "EUR",
          "metro_name": "Amsterdam",
          "region": "EMEA"
        },
        "BA": {
          "cba_nr": "330274",
          "cba_type": "local",
          "country": "Spain",
          "currency": "EUR",
          "metro_name": "Barcelona",
          "region": "EMEA"
        },
        "BX": {
          "cba_nr": "133724",
          "cba_type": "local",
          "country": "France",
          "currency": "EUR",
          "metro_name": "Bordeaux",
          "region": "EMEA"
        },
        "DB": {
          "cba_nr": "306247",
          "cba_type": "local",
          "country": "Ireland",
          "currency": "EUR",
          "metro_name": "Dublin",
          "region": "EMEA"
        },
        "FR": {
          "cba_nr": "133899",
          "cba_type": "local",
          "code": "FR",
          "country": "Germany",
          "currency": "EUR",
          "metro_name": "Frankfurt",
          "region": "EMEA"
        },
        "GV": {
          "cba_nr": "664689",
          "cba_type": "global",
          "country": "Switzerland",
          "currency": "CHF",
          "metro_name": "Geneva",
          "region": "EMEA"
        },
        "HH": {
          "cba_nr": "133899",
          "cba_type": "local",
          "country": "Germany",
          "currency": "EUR",
          "metro_name": "Hamburg",
          "region": "EMEA"
        },
        "IL": {
          "cba_nr": "310427",
          "cba_type": "local",
          "country": "Turkey",
          "currency": "USD",
          "metro_name": "Istanbul",
          "region": "EMEA"
        },
        "LD": {
          "cba_nr": "133721",
          "cba_type": "local",
          "country": "United Kingdom",
          "currency": "EUR",
          "metro_name": "London",
          "region": "EMEA"
        },
        "LS": {
          "cba_nr": "330124",
          "cba_type": "local",
          "country": "Portugal",
          "currency": "EUR",
          "metro_name": "Lison",
          "region": "EMEA"
        },
        "MA": {
          "cba_nr": "133721",
          "cba_type": "local",
          "country": "United Kingdom",
          "currency": "EUR",
          "metro_name": "Manchester",
          "region": "EMEA"
        },
        "MD": {
          "cba_nr": "330274",
          "cba_type": "local",
          "country": "Spain",
          "currency": "EUR",
          "metro_name": "Madrid",
          "region": "EMEA"
        },
        "ML": {
          "cba_nr": "133024",
          "cba_type": "local",
          "country": "Italy",
          "currency": "EUR",
          "metro_name": "Milan",
          "region": "EMEA"
        },
        "MU": {
          "cba_nr": "133899",
          "cba_type": "local",
          "country": "Germany",
          "currency": "EUR",
          "metro_name": "Munich",
          "region": "EMEA"
        },
        "PA": {
          "cba_nr": "133724",
          "cba_type": "local",
          "country": "France",
          "currency": "EUR",
          "metro_name": "Paris",
          "region": "EMEA"
        },
        "SO": {
          "cba_nr": "528841",
          "cba_type": "local",
          "country": "Bulgaria",
          "currency": "USD",
          "metro_name": "Sofia",
          "region": "EMEA"
        },
        "ZH": {
          "cba_nr": "664689",
          "cba_type": "global",
          "country": "Switzerland",
          "currency": "CHF",
          "metro_name": "Zurich",
          "region": "EMEA"
        }
      }
    },
    "ports": {
      "value": {
        "AM": {
          "name_prim": "EQX-TESTPOINT-AM3-CX-PRI-01",
          "nme_sec": "EQX-TESTPOINT-AM3-CX-SEC-01",
          "prim": [
            "66284add-86d3-6d30-b4e0-30ac094f8af1"
          ],
          "sec": [
            "66284add-99eb-9eb0-b4e0-30ac094f8af1"
          ]
        },
        "FR": {
          "name_prim": "EQX-TESTPOINT-FR6-CX-01",
          "name_sec": "EQX-TESTPOINT-FR6-CX-SEC-01",
          "prim": [
            "924ac976-a879-8791-2be0-3eea8c00a394"
          ],
          "sec": [
            "924ac976-a87a-87a1-2be0-3eea8c00a394"
          ]
        },
        "LD": {
          "prim": [
            ""
          ],
          "sec": [
            ""
          ]
        },
        "MA": {
          "prim": [
            ""
          ],
          "sec": [
            ""
          ]
        },
        "PA": {
          "prim": [
            ""
          ],
          "sec": [
            ""
          ]
        }
      }
    },
    "project_id": {
      "value": "e6be59d9-62c0-4140-aad6-150f0700203c"
    }
  },
  "planned_values": {
    "root_module": {
      "resources": [
        { "address": "equinix_fabric_cloud_router.fcr_am",
          "mode": "managed",
          "type": "equinix_fabric_cloud_router",
          "name": "fcr_am",
          "provider_name": "registry.terraform.io/equinix/equinix",
          "schema_version": 0,
          "values": {
            "account": [
              {
                "account_number": 127154
              }
            ],
            "description": null,
            "location": [
              {
                "metro_code": "AM"
              }
            ],
            "name": "Router-AM",
            "notifications": [
              {
                "emails": [
                  "someone@domain.com"
                ],
                "send_interval": null,
                "type": "ALL"
              }
            ],
            "order": [
              {
                "term_length": 1
              }
            ],
            "package": [
              {
                "code": "STANDARD"
              }
            ],
            "project": [
              {
                "project_id": "e6be59d9-62c0-4140-aad6-150f0700203c"
              }
            ],
            "timeouts": null,
            "type": "XF_ROUTER"
          },
          "sensitive_values": {
            "account": [
              {}
            ],
            "change_log": [],
            "location": [
              {}
            ],
            "marketplace_subscription": [],
            "notifications": [
              {
                "emails": [
                  false
                ]
              }
            ],
            "order": [
              {}
            ],
            "package": [
              {}
            ],
            "project": [
              {}
            ]
          }
        },
        { "address": "equinix_fabric_cloud_router.fcr_fr",
          "mode": "managed",
          "type": "equinix_fabric_cloud_router",
          "name": "fcr_fr",
          "provider_name": "registry.terraform.io/equinix/equinix",
          "schema_version": 0,
          "values": {
            "account": [
              {
                "account_number": 133899
              }
            ],
            "description": null,
            "location": [
              {
                "metro_code": "FR"
              }
            ],
            "name": "Router-FR",
            "notifications": [
              {
                "emails": [
                  "someone@domain.com"
                ],
                "send_interval": null,
                "type": "ALL"
              }
            ],
            "order": [
              {
                "term_length": 12
              }
            ],
            "package": [
              {
                "code": "STANDARD"
              }
            ],
            "project": [
              {
                "project_id": "e6be59d9-62c0-4140-aad6-150f0700203c"
              }
            ],
            "timeouts": null,
            "type": "XF_ROUTER"
          },
          "sensitive_values": {
            "account": [
              {}
            ],
            "change_log": [],
            "location": [
              {}
            ],
            "marketplace_subscription": [],
            "notifications": [
              {
                "emails": [
                  false
                ]
              }
            ],
            "order": [
              {}
            ],
            "package": [
              {}
            ],
            "project": [
              {}
            ]
          }
        },


        { "address": "equinix_fabric_connection.fcr_am_ipwan_emea",
          "mode": "managed",
          "type": "equinix_fabric_connection",
          "name": "fcr_am_ipwan_emea",
          "provider_name": "registry.terraform.io/equinix/equinix",
          "schema_version": 0,
          "values": {
            "a_side": [
              {
                "access_point": [
                  {
                    "authentication_key": "",
                    "gateway": [],
                    "interface": [],
                    "link_protocol": [],
                    "network": [],
                    "peering_type": "",
                    "port": [],
                    "profile": [],
                    "router": [
                      {
                        "uuid": "e27dd359-2a94-4c3d-9dbf-759e6cf24dd7"
                      }
                    ],
                    "seller_region": "",
                    "type": "CLOUD_ROUTER",
                    "virtual_device": []
                  }
                ],
                "additional_info": [],
                "service_token": []
              }
            ],
            "additional_info": null,
            "bandwidth": 200,
            "description": null,
            "name": "fcr-am-ipwan-emea",
            "notifications": [
              {
                "emails": [
                  "someone@domain.com"
                ],
                "send_interval": null,
                "type": "ALL"
              }
            ],
            "order": [
              {
                "term_length": 1
              }
            ],
            "redundancy": [],
            "timeouts": null,
            "type": "IPWAN_VC",
            "z_side": [
              {
                "access_point": [
                  {
                    "authentication_key": "",
                    "gateway": [],
                    "interface": [],
                    "link_protocol": [],
                    "network": [
                      {
                        "uuid": "20fcdd6b-fb4d-457e-8714-9519335ef50a"
                      }
                    ],
                    "peering_type": "",
                    "port": [],
                    "profile": [],
                    "router": [],
                    "seller_region": "",
                    "type": "NETWORK",
                    "virtual_device": []
                  }
                ],
                "additional_info": [],
                "service_token": []
              }
            ]
          },
          "sensitive_values": {
            "a_side": [
              {
                "access_point": [
                  {
                    "account": [],
                    "gateway": [],
                    "interface": [],
                    "link_protocol": [],
                    "location": [],
                    "network": [],
                    "port": [],
                    "profile": [],
                    "router": [
                      {}
                    ],
                    "virtual_device": []
                  }
                ],
                "additional_info": [],
                "service_token": []
              }
            ],
            "account": [],
            "change_log": [],
            "notifications": [
              {
                "emails": [
                  false
                ]
              }
            ],
            "operation": [],
            "order": [
              {}
            ],
            "project": [],
            "redundancy": [],
            "z_side": [
              {
                "access_point": [
                  {
                    "account": [],
                    "gateway": [],
                    "interface": [],
                    "link_protocol": [],
                    "location": [],
                    "network": [
                      {}
                    ],
                    "port": [],
                    "profile": [],
                    "router": [],
                    "virtual_device": []
                  }
                ],
                "additional_info": [],
                "service_token": []
              }
            ]
          }
        },
        { "address": "equinix_fabric_connection.fcr_am_vd_am",
          "mode": "managed",
          "type": "equinix_fabric_connection",
          "name": "fcr_am_vd_am",
          "provider_name": "registry.terraform.io/equinix/equinix",
          "schema_version": 0,
          "values": {
            "a_side": [
              {
                "access_point": [
                  {
                    "authentication_key": "",
                    "gateway": [],
                    "interface": [],
                    "link_protocol": [],
                    "network": [],
                    "peering_type": "",
                    "port": [],
                    "profile": [],
                    "router": [
                      {}
                    ],
                    "seller_region": "",
                    "type": "CLOUD_ROUTER",
                    "virtual_device": []
                  }
                ],
                "additional_info": [],
                "service_token": []
              }
            ],
            "additional_info": null,
            "bandwidth": 50,
            "description": null,
            "name": "FCR AM > sec VD AM",
            "notifications": [
              {
                "emails": [
                  "someone@domain.com"
                ],
                "send_interval": null,
                "type": "ALL"
              }
            ],
            "order": [
              {
                "term_length": 1
              }
            ],
            "redundancy": [],
            "timeouts": null,
            "type": "IP_VC",
            "z_side": [
              {
                "access_point": [
                  {
                    "authentication_key": "",
                    "gateway": [],
                    "interface": [
                      {
                        "id": 8,
                        "type": "CLOUD",
                        "uuid": ""
                      }
                    ],
                    "link_protocol": [
                      {
                        "type": "DOT1Q",
                        "vlan_tag": 200
                      }
                    ],
                    "network": [],
                    "peering_type": "",
                    "port": [],
                    "profile": [],
                    "router": [],
                    "seller_region": "",
                    "type": "VD",
                    "virtual_device": [
                      {
                        "name": "",
                        "type": "EDGE"
                      }
                    ]
                  }
                ],
                "additional_info": [],
                "service_token": []
              }
            ]
          },
          "sensitive_values": {
            "a_side": [
              {
                "access_point": [
                  {
                    "account": [],
                    "gateway": [],
                    "interface": [],
                    "link_protocol": [],
                    "location": [],
                    "network": [],
                    "port": [],
                    "profile": [],
                    "router": [
                      {}
                    ],
                    "virtual_device": []
                  }
                ],
                "additional_info": [],
                "service_token": []
              }
            ],
            "account": [],
            "change_log": [],
            "notifications": [
              {
                "emails": [
                  false
                ]
              }
            ],
            "operation": [],
            "order": [
              {}
            ],
            "project": [],
            "redundancy": [],
            "z_side": [
              {
                "access_point": [
                  {
                    "account": [],
                    "gateway": [],
                    "interface": [
                      {}
                    ],
                    "link_protocol": [
                      {}
                    ],
                    "location": [],
                    "network": [],
                    "port": [],
                    "profile": [],
                    "router": [],
                    "virtual_device": [
                      {}
                    ]
                  }
                ],
                "additional_info": [],
                "service_token": []
              }
            ]
          }
        },
        { "address": "equinix_fabric_connection.fcr_fr_ipwan_emea",
          "mode": "managed",
          "type": "equinix_fabric_connection",
          "name": "fcr_fr_ipwan_emea",
          "provider_name": "registry.terraform.io/equinix/equinix",
          "schema_version": 0,
          "values": {
            "a_side": [
              {
                "access_point": [
                  {
                    "authentication_key": "",
                    "gateway": [],
                    "interface": [],
                    "link_protocol": [],
                    "network": [],
                    "peering_type": "",
                    "port": [],
                    "profile": [],
                    "router": [
                      {}
                    ],
                    "seller_region": "",
                    "type": "CLOUD_ROUTER",
                    "virtual_device": []
                  }
                ],
                "additional_info": [],
                "service_token": []
              }
            ],
            "additional_info": null,
            "bandwidth": 50,
            "description": null,
            "name": "fcr-fr-ipwan-emea",
            "notifications": [
              {
                "emails": [
                  "someone@domain.com"
                ],
                "send_interval": null,
                "type": "ALL"
              }
            ],
            "order": [
              {
                "term_length": 1
              }
            ],
            "redundancy": [],
            "timeouts": null,
            "type": "IPWAN_VC",
            "z_side": [
              {
                "access_point": [
                  {
                    "authentication_key": "",
                    "gateway": [],
                    "interface": [],
                    "link_protocol": [],
                    "network": [
                      {}
                    ],
                    "peering_type": "",
                    "port": [],
                    "profile": [],
                    "router": [],
                    "seller_region": "",
                    "type": "NETWORK",
                    "virtual_device": []
                  }
                ],
                "additional_info": [],
                "service_token": []
              }
            ]
          },
          "sensitive_values": {
            "a_side": [
              {
                "access_point": [
                  {
                    "account": [],
                    "gateway": [],
                    "interface": [],
                    "link_protocol": [],
                    "location": [],
                    "network": [],
                    "port": [],
                    "profile": [],
                    "router": [
                      {}
                    ],
                    "virtual_device": []
                  }
                ],
                "additional_info": [],
                "service_token": []
              }
            ],
            "account": [],
            "change_log": [],
            "notifications": [
              {
                "emails": [
                  false
                ]
              }
            ],
            "operation": [],
            "order": [
              {}
            ],
            "project": [],
            "redundancy": [],
            "z_side": [
              {
                "access_point": [
                  {
                    "account": [],
                    "gateway": [],
                    "interface": [],
                    "link_protocol": [],
                    "location": [],
                    "network": [
                      {}
                    ],
                    "port": [],
                    "profile": [],
                    "router": [],
                    "virtual_device": []
                  }
                ],
                "additional_info": [],
                "service_token": []
              }
            ]
          }
        },
        { "address": "equinix_fabric_connection.fcr_fr_port_fr_prim",
          "mode": "managed",
          "type": "equinix_fabric_connection",
          "name": "fcr_fr_port_fr_prim",
          "provider_name": "registry.terraform.io/equinix/equinix",
          "schema_version": 0,
          "values": {
            "a_side": [
              {
                "access_point": [
                  {
                    "authentication_key": "",
                    "gateway": [],
                    "interface": [],
                    "link_protocol": [],
                    "network": [],
                    "peering_type": "",
                    "port": [],
                    "profile": [],
                    "router": [
                      {}
                    ],
                    "seller_region": "",
                    "type": "CLOUD_ROUTER",
                    "virtual_device": []
                  }
                ],
                "additional_info": [],
                "service_token": []
              }
            ],
            "additional_info": null,
            "bandwidth": 50,
            "description": null,
            "name": "FCR > prim Port FR",
            "notifications": [
              {
                "emails": [
                  "someone@domain.com"
                ],
                "send_interval": null,
                "type": "ALL"
              }
            ],
            "order": [
              {
                "term_length": 1
              }
            ],
            "redundancy": [],
            "timeouts": null,
            "type": "IP_VC",
            "z_side": [
              {
                "access_point": [
                  {
                    "authentication_key": "",
                    "gateway": [],
                    "interface": [],
                    "link_protocol": [
                      {
                        "type": "DOT1Q",
                        "vlan_tag": 100
                      }
                    ],
                    "location": [
                      {
                        "metro_code": "FR"
                      }
                    ],
                    "network": [],
                    "peering_type": "",
                    "port": [
                      {
                        "uuid": "924ac976-a879-8791-2be0-3eea8c00a394"
                      }
                    ],
                    "profile": [],
                    "router": [],
                    "seller_region": "",
                    "type": "COLO",
                    "virtual_device": []
                  }
                ],
                "additional_info": [],
                "service_token": []
              }
            ]
          },
          "sensitive_values": {
            "a_side": [
              {
                "access_point": [
                  {
                    "account": [],
                    "gateway": [],
                    "interface": [],
                    "link_protocol": [],
                    "location": [],
                    "network": [],
                    "port": [],
                    "profile": [],
                    "router": [
                      {}
                    ],
                    "virtual_device": []
                  }
                ],
                "additional_info": [],
                "service_token": []
              }
            ],
            "account": [],
            "change_log": [],
            "notifications": [
              {
                "emails": [
                  false
                ]
              }
            ],
            "operation": [],
            "order": [
              {}
            ],
            "project": [],
            "redundancy": [],
            "z_side": [
              {
                "access_point": [
                  {
                    "account": [],
                    "gateway": [],
                    "interface": [],
                    "link_protocol": [
                      {}
                    ],
                    "location": [
                      {}
                    ],
                    "network": [],
                    "port": [
                      {
                        "redundancy": []
                      }
                    ],
                    "profile": [],
                    "router": [],
                    "virtual_device": []
                  }
                ],
                "additional_info": [],
                "service_token": []
              }
            ]
          }
        },
        { "address": "equinix_fabric_connection.fcr_fr_port_fr_sec",
          "mode": "managed",
          "type": "equinix_fabric_connection",
          "name": "fcr_fr_port_fr_sec",
          "provider_name": "registry.terraform.io/equinix/equinix",
          "schema_version": 0,
          "values": {
            "a_side": [
              {
                "access_point": [
                  {
                    "authentication_key": "",
                    "gateway": [],
                    "interface": [],
                    "link_protocol": [],
                    "network": [],
                    "peering_type": "",
                    "port": [],
                    "profile": [],
                    "router": [
                      {}
                    ],
                    "seller_region": "",
                    "type": "CLOUD_ROUTER",
                    "virtual_device": []
                  }
                ],
                "additional_info": [],
                "service_token": []
              }
            ],
            "additional_info": null,
            "bandwidth": 50,
            "description": null,
            "name": "FCR > sec Port FR",
            "notifications": [
              {
                "emails": [
                  "someone@domain.com"
                ],
                "send_interval": null,
                "type": "ALL"
              }
            ],
            "order": [
              {
                "term_length": 1
              }
            ],
            "redundancy": [],
            "timeouts": null,
            "type": "IP_VC",
            "z_side": [
              {
                "access_point": [
                  {
                    "authentication_key": "",
                    "gateway": [],
                    "interface": [],
                    "link_protocol": [
                      {
                        "type": "DOT1Q",
                        "vlan_tag": 100
                      }
                    ],
                    "location": [
                      {
                        "metro_code": "FR"
                      }
                    ],
                    "network": [],
                    "peering_type": "",
                    "port": [
                      {
                        "uuid": "924ac976-a87a-87a1-2be0-3eea8c00a394"
                      }
                    ],
                    "profile": [],
                    "router": [],
                    "seller_region": "",
                    "type": "COLO",
                    "virtual_device": []
                  }
                ],
                "additional_info": [],
                "service_token": []
              }
            ]
          },
          "sensitive_values": {
            "a_side": [
              {
                "access_point": [
                  {
                    "account": [],
                    "gateway": [],
                    "interface": [],
                    "link_protocol": [],
                    "location": [],
                    "network": [],
                    "port": [],
                    "profile": [],
                    "router": [
                      {}
                    ],
                    "virtual_device": []
                  }
                ],
                "additional_info": [],
                "service_token": []
              }
            ],
            "account": [],
            "change_log": [],
            "notifications": [
              {
                "emails": [
                  false
                ]
              }
            ],
            "operation": [],
            "order": [
              {}
            ],
            "project": [],
            "redundancy": [],
            "z_side": [
              {
                "access_point": [
                  {
                    "account": [],
                    "gateway": [],
                    "interface": [],
                    "link_protocol": [
                      {}
                    ],
                    "location": [
                      {}
                    ],
                    "network": [],
                    "port": [
                      {
                        "redundancy": []
                      }
                    ],
                    "profile": [],
                    "router": [],
                    "virtual_device": []
                  }
                ],
                "additional_info": [],
                "service_token": []
              }
            ]
          }
        },
        { "address": "equinix_fabric_connection.fcr_fr_sp",
          "mode": "managed",
          "type": "equinix_fabric_connection",
          "name": "fcr_fr_sp",
          "provider_name": "registry.terraform.io/equinix/equinix",
          "schema_version": 0,
          "values": {
            "a_side": [
              {
                "access_point": [
                  {
                    "authentication_key": "",
                    "gateway": [],
                    "interface": [],
                    "link_protocol": [],
                    "network": [],
                    "peering_type": "",
                    "port": [],
                    "profile": [],
                    "router": [
                      {}
                    ],
                    "seller_region": "",
                    "type": "CLOUD_ROUTER",
                    "virtual_device": []
                  }
                ],
                "additional_info": [],
                "service_token": []
              }
            ],
            "additional_info": null,
            "bandwidth": 50,
            "description": null,
            "name": "FCR > AWS FR",
            "notifications": [
              {
                "emails": [
                  "someone@domain.com"
                ],
                "send_interval": null,
                "type": "ALL"
              }
            ],
            "order": [
              {
                "term_length": 1
              }
            ],
            "redundancy": [],
            "timeouts": null,
            "type": "IP_VC",
            "z_side": [
              {
                "access_point": [
                  {
                    "authentication_key": "<aws_account_id>",
                    "gateway": [],
                    "interface": [],
                    "link_protocol": [],
                    "location": [
                      {
                        "metro_code": "FR"
                      }
                    ],
                    "network": [],
                    "peering_type": "",
                    "port": [],
                    "profile": [
                      {
                        "type": "L2_PROFILE",
                        "uuid": "69ee618d-be52-468d-bc99-00566f2dd2b9"
                      }
                    ],
                    "router": [],
                    "seller_region": "eu-central-1",
                    "type": "SP",
                    "virtual_device": []
                  }
                ],
                "additional_info": [],
                "service_token": []
              }
            ]
          },
          "sensitive_values": {
            "a_side": [
              {
                "access_point": [
                  {
                    "account": [],
                    "gateway": [],
                    "interface": [],
                    "link_protocol": [],
                    "location": [],
                    "network": [],
                    "port": [],
                    "profile": [],
                    "router": [
                      {}
                    ],
                    "virtual_device": []
                  }
                ],
                "additional_info": [],
                "service_token": []
              }
            ],
            "account": [],
            "change_log": [],
            "notifications": [
              {
                "emails": [
                  false
                ]
              }
            ],
            "operation": [],
            "order": [
              {}
            ],
            "project": [],
            "redundancy": [],
            "z_side": [
              {
                "access_point": [
                  {
                    "account": [],
                    "gateway": [],
                    "interface": [],
                    "link_protocol": [],
                    "location": [
                      {}
                    ],
                    "network": [],
                    "port": [],
                    "profile": [
                      {
                        "access_point_type_configs": []
                      }
                    ],
                    "router": [],
                    "virtual_device": []
                  }
                ],
                "additional_info": [],
                "service_token": []
              }
            ]
          }
        },
        { "address": "equinix_fabric_connection.fcr_fr_vd_fr",
          "mode": "managed",
          "type": "equinix_fabric_connection",
          "name": "fcr_fr_vd_fr",
          "provider_name": "registry.terraform.io/equinix/equinix",
          "schema_version": 0,
          "values": {
            "a_side": [
              {
                "access_point": [
                  {
                    "authentication_key": "",
                    "gateway": [],
                    "interface": [],
                    "link_protocol": [],
                    "network": [],
                    "peering_type": "",
                    "port": [],
                    "profile": [],
                    "router": [
                      {}
                    ],
                    "seller_region": "",
                    "type": "CLOUD_ROUTER",
                    "virtual_device": []
                  }
                ],
                "additional_info": [],
                "service_token": []
              }
            ],
            "additional_info": null,
            "bandwidth": 50,
            "description": null,
            "name": "FCR FR > VD FR",
            "notifications": [
              {
                "emails": [
                  "someone@domain.com"
                ],
                "send_interval": null,
                "type": "ALL"
              }
            ],
            "order": [
              {
                "term_length": 1
              }
            ],
            "redundancy": [],
            "timeouts": null,
            "type": "IP_VC",
            "z_side": [
              {
                "access_point": [
                  {
                    "authentication_key": "",
                    "gateway": [],
                    "interface": [
                      {
                        "id": 8,
                        "type": "CLOUD",
                        "uuid": ""
                      }
                    ],
                    "link_protocol": [
                      {
                        "type": "DOT1Q",
                        "vlan_tag": 100
                      }
                    ],
                    "network": [],
                    "peering_type": "",
                    "port": [],
                    "profile": [],
                    "router": [],
                    "seller_region": "",
                    "type": "VD",
                    "virtual_device": [
                      {
                        "name": "",
                        "type": "EDGE",
                        "uuid": "e7838605-de1f-4ee5-8e2c-082e6d853764"
                      }
                    ]
                  }
                ],
                "additional_info": [],
                "service_token": []
              }
            ]
          },
          "sensitive_values": {
            "a_side": [
              {
                "access_point": [
                  {
                    "account": [],
                    "gateway": [],
                    "interface": [],
                    "link_protocol": [],
                    "location": [],
                    "network": [],
                    "port": [],
                    "profile": [],
                    "router": [
                      {}
                    ],
                    "virtual_device": []
                  }
                ],
                "additional_info": [],
                "service_token": []
              }
            ],
            "account": [],
            "change_log": [],
            "notifications": [
              {
                "emails": [
                  false
                ]
              }
            ],
            "operation": [],
            "order": [
              {}
            ],
            "project": [],
            "redundancy": [],
            "z_side": [
              {
                "access_point": [
                  {
                    "account": [],
                    "gateway": [],
                    "interface": [
                      {}
                    ],
                    "link_protocol": [
                      {}
                    ],
                    "location": [],
                    "network": [],
                    "port": [],
                    "profile": [],
                    "router": [],
                    "virtual_device": [
                      {}
                    ]
                  }
                ],
                "additional_info": [],
                "service_token": []
              }
            ]
          }
        },

        { "address": "equinix_fabric_connection.port_fr_evplan_emea",
          "mode": "managed",
          "type": "equinix_fabric_connection",
          "name": "port_fr_evplan_emea",
          "provider_name": "registry.terraform.io/equinix/equinix",
          "schema_version": 0,
          "values": {
            "a_side": [
              {
                "access_point": [
                  {
                    "authentication_key": "",
                    "gateway": [],
                    "interface": [],
                    "link_protocol": [],
                    "network": [],
                    "peering_type": "",
                    "port": [
                      {
                        "uuid": "924ac976-a879-8791-2be0-3eea8c00a394"
                      }
                    ],
                    "profile": [],
                    "router": [],
                    "seller_region": "",
                    "type": "COLO",
                    "virtual_device": []
                  }
                ],
                "additional_info": [],
                "service_token": []
              }
            ],
            "additional_info": null,
            "bandwidth": 500,
            "description": null,
            "name": "fcr-fr-ipwan-emea",
            "notifications": [
              {
                "emails": [
                  "someone@domain.com"
                ],
                "send_interval": null,
                "type": "ALL"
              }
            ],
            "order": [
              {
                "term_length": 1
              }
            ],
            "redundancy": [],
            "timeouts": null,
            "type": "EVPLAN_VC",
            "z_side": [
              {
                "access_point": [
                  {
                    "authentication_key": "",
                    "gateway": [],
                    "interface": [],
                    "link_protocol": [],
                    "network": [
                      {}
                    ],
                    "peering_type": "",
                    "port": [],
                    "profile": [],
                    "router": [],
                    "seller_region": "",
                    "type": "NETWORK",
                    "virtual_device": []
                  }
                ],
                "additional_info": [],
                "service_token": []
              }
            ]
          },
          "sensitive_values": {
            "a_side": [
              {
                "access_point": [
                  {
                    "account": [],
                    "gateway": [],
                    "interface": [],
                    "link_protocol": [],
                    "location": [],
                    "network": [],
                    "port": [
                      {
                        "redundancy": []
                      }
                    ],
                    "profile": [],
                    "router": [],
                    "virtual_device": []
                  }
                ],
                "additional_info": [],
                "service_token": []
              }
            ],
            "account": [],
            "change_log": [],
            "notifications": [
              {
                "emails": [
                  false
                ]
              }
            ],
            "operation": [],
            "order": [
              {}
            ],
            "project": [],
            "redundancy": [],
            "z_side": [
              {
                "access_point": [
                  {
                    "account": [],
                    "gateway": [],
                    "interface": [],
                    "link_protocol": [],
                    "location": [],
                    "network": [
                      {}
                    ],
                    "port": [],
                    "profile": [],
                    "router": [],
                    "virtual_device": []
                  }
                ],
                "additional_info": [],
                "service_token": []
              }
            ]
          }
        },
        { "address": "equinix_fabric_connection.port_fr_port_fr",
          "mode": "managed",
          "type": "equinix_fabric_connection",
          "name": "port_fr_port_fr",
          "provider_name": "registry.terraform.io/equinix/equinix",
          "schema_version": 0,
          "values": {
            "a_side": [
              {
                "access_point": [
                  {
                    "authentication_key": "",
                    "gateway": [],
                    "interface": [],
                    "link_protocol": [
                      {
                        "type": "DOT1Q",
                        "vlan_s_tag": 100
                      }
                    ],
                    "network": [],
                    "peering_type": "",
                    "port": [
                      {
                        "uuid": "924ac976-a879-8791-2be0-3eea8c00a394"
                      }
                    ],
                    "profile": [],
                    "router": [],
                    "seller_region": "",
                    "type": "COLO",
                    "virtual_device": []
                  }
                ],
                "additional_info": [],
                "service_token": []
              }
            ],
            "additional_info": null,
            "bandwidth": 50,
            "description": null,
            "name": "Port FR > Port FR",
            "notifications": [
              {
                "emails": [
                  "someone@domain.com"
                ],
                "send_interval": null,
                "type": "ALL"
              }
            ],
            "order": [
              {
                "term_length": 1
              }
            ],
            "redundancy": [],
            "timeouts": null,
            "type": "EVPL_VC",
            "z_side": [
              {
                "access_point": [
                  {
                    "authentication_key": "",
                    "gateway": [],
                    "interface": [],
                    "link_protocol": [
                      {
                        "type": "DOT1Q",
                        "vlan_s_tag": 100
                      }
                    ],
                    "network": [],
                    "peering_type": "",
                    "port": [
                      {
                        "uuid": "924ac976-a87a-87a1-2be0-3eea8c00a394"
                      }
                    ],
                    "profile": [],
                    "router": [],
                    "seller_region": "",
                    "type": "COLO",
                    "virtual_device": []
                  }
                ],
                "additional_info": [],
                "service_token": []
              }
            ]
          },
          "sensitive_values": {
            "a_side": [
              {
                "access_point": [
                  {
                    "account": [],
                    "gateway": [],
                    "interface": [],
                    "link_protocol": [
                      {}
                    ],
                    "location": [],
                    "network": [],
                    "port": [
                      {
                        "redundancy": []
                      }
                    ],
                    "profile": [],
                    "router": [],
                    "virtual_device": []
                  }
                ],
                "additional_info": [],
                "service_token": []
              }
            ],
            "account": [],
            "change_log": [],
            "notifications": [
              {
                "emails": [
                  false
                ]
              }
            ],
            "operation": [],
            "order": [
              {}
            ],
            "project": [],
            "redundancy": [],
            "z_side": [
              {
                "access_point": [
                  {
                    "account": [],
                    "gateway": [],
                    "interface": [],
                    "link_protocol": [
                      {}
                    ],
                    "location": [],
                    "network": [],
                    "port": [
                      {
                        "redundancy": []
                      }
                    ],
                    "profile": [],
                    "router": [],
                    "virtual_device": []
                  }
                ],
                "additional_info": [],
                "service_token": []
              }
            ]
          }
        },
        { "address": "equinix_fabric_connection.port_fr_sp_fr",
          "mode": "managed",
          "type": "equinix_fabric_connection",
          "name": "port_fr_sp_fr",
          "provider_name": "registry.terraform.io/equinix/equinix",
          "schema_version": 0,
          "values": {
            "a_side": [
              {
                "access_point": [
                  {
                    "authentication_key": "",
                    "gateway": [],
                    "interface": [],
                    "link_protocol": [
                      {
                        "type": "DOT1Q",
                        "vlan_s_tag": 105
                      }
                    ],
                    "network": [],
                    "peering_type": "",
                    "port": [
                      {
                        "uuid": "924ac976-a879-8791-2be0-3eea8c00a394"
                      }
                    ],
                    "profile": [],
                    "router": [],
                    "seller_region": "",
                    "type": "COLO",
                    "virtual_device": []
                  }
                ],
                "additional_info": [],
                "service_token": []
              }
            ],
            "additional_info": [
              {
                "key": "accessKey",
                "value": "<aws_access_key>"
              },
              {
                "key": "secretKey",
                "value": "<aws_secret_key>"
              }
            ],
            "bandwidth": 50,
            "description": null,
            "name": "FR-Port-FR-AWS-SP",
            "notifications": [
              {
                "emails": [
                  "someone@domain.com"
                ],
                "send_interval": null,
                "type": "ALL"
              }
            ],
            "order": [
              {
                "purchase_order_number": "1-323929",
                "term_length": 1
              }
            ],
            "redundancy": [
              {
                "priority": "PRIMARY"
              }
            ],
            "timeouts": null,
            "type": "EVPL_VC",
            "z_side": [
              {
                "access_point": [
                  {
                    "authentication_key": "<aws_account_id>",
                    "gateway": [],
                    "interface": [],
                    "link_protocol": [],
                    "location": [
                      {
                        "metro_code": "FR"
                      }
                    ],
                    "network": [],
                    "peering_type": "",
                    "port": [],
                    "profile": [
                      {
                        "type": "L2_PROFILE",
                        "uuid": "69ee618d-be52-468d-bc99-00566f2dd2b9"
                      }
                    ],
                    "router": [],
                    "seller_region": "eu-central-1",
                    "type": "SP",
                    "virtual_device": []
                  }
                ],
                "additional_info": [],
                "service_token": []
              }
            ]
          },
          "sensitive_values": {
            "a_side": [
              {
                "access_point": [
                  {
                    "account": [],
                    "gateway": [],
                    "interface": [],
                    "link_protocol": [
                      {}
                    ],
                    "location": [],
                    "network": [],
                    "port": [
                      {
                        "redundancy": []
                      }
                    ],
                    "profile": [],
                    "router": [],
                    "virtual_device": []
                  }
                ],
                "additional_info": [],
                "service_token": []
              }
            ],
            "account": [],
            "additional_info": [
              {},
              {}
            ],
            "change_log": [],
            "notifications": [
              {
                "emails": [
                  false
                ]
              }
            ],
            "operation": [],
            "order": [
              {}
            ],
            "project": [],
            "redundancy": [
              {}
            ],
            "z_side": [
              {
                "access_point": [
                  {
                    "account": [],
                    "gateway": [],
                    "interface": [],
                    "link_protocol": [],
                    "location": [
                      {}
                    ],
                    "network": [],
                    "port": [],
                    "profile": [
                      {
                        "access_point_type_configs": []
                      }
                    ],
                    "router": [],
                    "virtual_device": []
                  }
                ],
                "additional_info": [],
                "service_token": []
              }
            ]
          }
        },

        { "address": "equinix_fabric_connection.vd_fr_evplan_emea",
          "mode": "managed",
          "type": "equinix_fabric_connection",
          "name": "vd_fr_evplan_emea",
          "provider_name": "registry.terraform.io/equinix/equinix",
          "schema_version": 0,
          "values": {
            "a_side": [
              {
                "access_point": [
                  {
                    "authentication_key": "",
                    "gateway": [],
                    "interface": [
                      {
                        "id": 7,
                        "type": "NETWORK",
                        "uuid": ""
                      }
                    ],
                    "link_protocol": [],
                    "network": [],
                    "peering_type": "",
                    "port": [],
                    "profile": [],
                    "router": [],
                    "seller_region": "",
                    "type": "VD",
                    "virtual_device": [
                      {
                        "name": "",
                        "type": "EDGE",
                        "uuid": "e7838605-de1f-4ee5-8e2c-082e6d853764"
                      }
                    ]
                  }
                ],
                "additional_info": [],
                "service_token": []
              }
            ],
            "additional_info": null,
            "bandwidth": 50,
            "description": null,
            "name": "FR-VD-FR-Port",
            "notifications": [
              {
                "emails": [
                  "someone@domain.com"
                ],
                "send_interval": null,
                "type": "ALL"
              }
            ],
            "order": [
              {
                "purchase_order_number": "1-323292",
                "term_length": 1
              }
            ],
            "redundancy": [],
            "timeouts": null,
            "type": "EVPLAN_VC",
            "z_side": [
              {
                "access_point": [
                  {
                    "authentication_key": "",
                    "gateway": [],
                    "interface": [],
                    "link_protocol": [],
                    "network": [
                      {}
                    ],
                    "peering_type": "",
                    "port": [],
                    "profile": [],
                    "router": [],
                    "seller_region": "",
                    "type": "NETWORK",
                    "virtual_device": []
                  }
                ],
                "additional_info": [],
                "service_token": []
              }
            ]
          },
          "sensitive_values": {
            "a_side": [
              {
                "access_point": [
                  {
                    "account": [],
                    "gateway": [],
                    "interface": [
                      {}
                    ],
                    "link_protocol": [],
                    "location": [],
                    "network": [],
                    "port": [],
                    "profile": [],
                    "router": [],
                    "virtual_device": [
                      {}
                    ]
                  }
                ],
                "additional_info": [],
                "service_token": []
              }
            ],
            "account": [],
            "change_log": [],
            "notifications": [
              {
                "emails": [
                  false
                ]
              }
            ],
            "operation": [],
            "order": [
              {}
            ],
            "project": [],
            "redundancy": [],
            "z_side": [
              {
                "access_point": [
                  {
                    "account": [],
                    "gateway": [],
                    "interface": [],
                    "link_protocol": [],
                    "location": [],
                    "network": [
                      {}
                    ],
                    "port": [],
                    "profile": [],
                    "router": [],
                    "virtual_device": []
                  }
                ],
                "additional_info": [],
                "service_token": []
              }
            ]
          }
        },
        { "address": "equinix_fabric_connection.vd_fr_port_fr",
          "mode": "managed",
          "type": "equinix_fabric_connection",
          "name": "vd_fr_port_fr",
          "provider_name": "registry.terraform.io/equinix/equinix",
          "schema_version": 0,
          "values": {
            "a_side": [
              {
                "access_point": [
                  {
                    "authentication_key": "",
                    "gateway": [],
                    "interface": [
                      {
                        "id": 7,
                        "type": "NETWORK",
                        "uuid": ""
                      }
                    ],
                    "link_protocol": [],
                    "network": [],
                    "peering_type": "",
                    "port": [],
                    "profile": [],
                    "router": [],
                    "seller_region": "",
                    "type": "VD",
                    "virtual_device": [
                      {
                        "name": "",
                        "type": "EDGE",
                        "uuid": "e7838605-de1f-4ee5-8e2c-082e6d853764"
                      }
                    ]
                  }
                ],
                "additional_info": [],
                "service_token": []
              }
            ],
            "additional_info": null,
            "bandwidth": 50,
            "description": null,
            "name": "FR-VD-FR-Port",
            "notifications": [
              {
                "emails": [
                  "someone@domain.com"
                ],
                "send_interval": null,
                "type": "ALL"
              }
            ],
            "order": [
              {
                "purchase_order_number": "1-323292",
                "term_length": 1
              }
            ],
            "redundancy": [],
            "timeouts": null,
            "type": "EVPL_VC",
            "z_side": [
              {
                "access_point": [
                  {
                    "authentication_key": "",
                    "gateway": [],
                    "interface": [],
                    "link_protocol": [
                      {
                        "type": "DOT1Q",
                        "vlan_s_tag": 200
                      }
                    ],
                    "network": [],
                    "peering_type": "",
                    "port": [
                      {
                        "uuid": "924ac976-a879-8791-2be0-3eea8c00a394"
                      }
                    ],
                    "profile": [],
                    "router": [],
                    "seller_region": "",
                    "type": "COLO",
                    "virtual_device": []
                  }
                ],
                "additional_info": [],
                "service_token": []
              }
            ]
          },
          "sensitive_values": {
            "a_side": [
              {
                "access_point": [
                  {
                    "account": [],
                    "gateway": [],
                    "interface": [
                      {}
                    ],
                    "link_protocol": [],
                    "location": [],
                    "network": [],
                    "port": [],
                    "profile": [],
                    "router": [],
                    "virtual_device": [
                      {}
                    ]
                  }
                ],
                "additional_info": [],
                "service_token": []
              }
            ],
            "account": [],
            "change_log": [],
            "notifications": [
              {
                "emails": [
                  false
                ]
              }
            ],
            "operation": [],
            "order": [
              {}
            ],
            "project": [],
            "redundancy": [],
            "z_side": [
              {
                "access_point": [
                  {
                    "account": [],
                    "gateway": [],
                    "interface": [],
                    "link_protocol": [
                      {}
                    ],
                    "location": [],
                    "network": [],
                    "port": [
                      {
                        "redundancy": []
                      }
                    ],
                    "profile": [],
                    "router": [],
                    "virtual_device": []
                  }
                ],
                "additional_info": [],
                "service_token": []
              }
            ]
          }
        },
        { "address": "equinix_fabric_connection.vd_fr_sp_fr",
          "mode": "managed",
          "type": "equinix_fabric_connection",
          "name": "vd_fr_sp_fr",
          "provider_name": "registry.terraform.io/equinix/equinix",
          "schema_version": 0,
          "values": {
            "a_side": [
              {
                "access_point": [
                  {
                    "authentication_key": "",
                    "gateway": [],
                    "interface": [
                      {
                        "id": 7,
                        "type": "NETWORK",
                        "uuid": ""
                      }
                    ],
                    "link_protocol": [],
                    "network": [],
                    "peering_type": "",
                    "port": [],
                    "profile": [],
                    "router": [],
                    "seller_region": "",
                    "type": "VD",
                    "virtual_device": [
                      {
                        "name": "",
                        "type": "EDGE",
                        "uuid": "e7838605-de1f-4ee5-8e2c-082e6d853764"
                      }
                    ]
                  }
                ],
                "additional_info": [],
                "service_token": []
              }
            ],
            "additional_info": null,
            "bandwidth": 50,
            "description": null,
            "name": "FR-VD-FR-Port",
            "notifications": [
              {
                "emails": [
                  "someone@domain.com"
                ],
                "send_interval": null,
                "type": "ALL"
              }
            ],
            "order": [
              {
                "purchase_order_number": "1-323292",
                "term_length": 1
              }
            ],
            "redundancy": [],
            "timeouts": null,
            "type": "EVPL_VC",
            "z_side": [
              {
                "access_point": [
                  {
                    "authentication_key": "<aws_account_id>",
                    "gateway": [],
                    "interface": [],
                    "link_protocol": [],
                    "location": [
                      {
                        "metro_code": "FR"
                      }
                    ],
                    "network": [],
                    "peering_type": "",
                    "port": [],
                    "profile": [
                      {
                        "type": "L2_PROFILE",
                        "uuid": "69ee618d-be52-468d-bc99-00566f2dd2b9"
                      }
                    ],
                    "router": [],
                    "seller_region": "eu-central-1",
                    "type": "SP",
                    "virtual_device": []
                  }
                ],
                "additional_info": [],
                "service_token": []
              }
            ]
          },
          "sensitive_values": {
            "a_side": [
              {
                "access_point": [
                  {
                    "account": [],
                    "gateway": [],
                    "interface": [
                      {}
                    ],
                    "link_protocol": [],
                    "location": [],
                    "network": [],
                    "port": [],
                    "profile": [],
                    "router": [],
                    "virtual_device": [
                      {}
                    ]
                  }
                ],
                "additional_info": [],
                "service_token": []
              }
            ],
            "account": [],
            "change_log": [],
            "notifications": [
              {
                "emails": [
                  false
                ]
              }
            ],
            "operation": [],
            "order": [
              {}
            ],
            "project": [],
            "redundancy": [],
            "z_side": [
              {
                "access_point": [
                  {
                    "account": [],
                    "gateway": [],
                    "interface": [],
                    "link_protocol": [],
                    "location": [
                      {}
                    ],
                    "network": [],
                    "port": [],
                    "profile": [
                      {
                        "access_point_type_configs": []
                      }
                    ],
                    "router": [],
                    "virtual_device": []
                  }
                ],
                "additional_info": [],
                "service_token": []
              }
            ]
          }
        },


        { "address": "equinix_fabric_network.evplan_emea",
          "mode": "managed",
          "type": "equinix_fabric_network",
          "name": "evplan_emea",
          "provider_name": "registry.terraform.io/equinix/equinix",
          "schema_version": 0,
          "values": {
            "name": "REGIONAL-EVPLAN-EMEA",
            "notifications": [
              {
                "emails": [
                  "someone@domain.com"
                ],
                "send_interval": null,
                "type": "ALL"
              }
            ],
            "project": [
              {
                "project_id": "e6be59d9-62c0-4140-aad6-150f0700203c"
              }
            ],
            "scope": "REGIONAL",
            "timeouts": null,
            "type": "EVPLAN"
          },
          "sensitive_values": {
            "change": [],
            "change_log": [],
            "location": [],
            "notifications": [
              {
                "emails": [
                  false
                ]
              }
            ],
            "operation": [],
            "project": [
              {}
            ]
          }
        },
        { "address": "equinix_fabric_network.ip_wan_emea",
          "mode": "managed",
          "type": "equinix_fabric_network",
          "name": "ip_wan_emea",
          "provider_name": "registry.terraform.io/equinix/equinix",
          "schema_version": 0,
          "values": {
            "name": "IP-WAN-EMEA",
            "notifications": [
              {
                "emails": [
                  "someone@domain.com"
                ],
                "send_interval": null,
                "type": "ALL"
              }
            ],
            "project": [
              {
                "project_id": "e6be59d9-62c0-4140-aad6-150f0700203c"
              }
            ],
            "scope": "REGIONAL",
            "timeouts": null,
            "type": "IPWAN"
          },
          "sensitive_values": {
            "change": [],
            "change_log": [],
            "location": [],
            "notifications": [
              {
                "emails": [
                  false
                ]
              }
            ],
            "operation": [],
            "project": [
              {}
            ]
          }
        },


        { "address": "equinix_network_acl_template.new_acl",
          "mode": "managed",
          "type": "equinix_network_acl_template",
          "name": "new_acl",
          "provider_name": "registry.terraform.io/equinix/equinix",
          "schema_version": 0,
          "values": {
            "description": "Dummy ACL template",
            "inbound_rule": [
              {
                "description": "inbound rule description",
                "dst_port": "any",
                "protocol": "IP",
                "src_port": "any",
                "subnet": "0.0.0.0/0",
                "subnets": null
              },
              {
                "description": null,
                "dst_port": "any",
                "protocol": "UDP",
                "src_port": "any",
                "subnet": "0.0.0.0/0",
                "subnets": null
              }
            ],
            "metro_code": null,
            "name": "NACL for project CLoudQuote",
            "project_id": "e6be59d9-62c0-4140-aad6-150f0700203c"
          },
          "sensitive_values": {
            "device_details": [],
            "inbound_rule": [
              {},
              {}
            ]
          }
        },


        { "address": "equinix_network_device.c8kv-redundant",
          "mode": "managed",
          "type": "equinix_network_device",
          "name": "c8kv-redundant",
          "provider_name": "registry.terraform.io/equinix/equinix",
          "schema_version": 0,
          "values": {
            "account_number": "133899",
            "byol": true,
            "cloud_init_file_id": null,
            "cluster_details": [],
            "connectivity": "INTERNET-ACCESS",
            "core_count": 2,
            "generate_default_password": true,
            "hostname": "rtr-fr-prim",
            "license_file": null,
            "license_token": null,
            "metro_code": "FR",
            "mgmt_acl_template_uuid": null,
            "name": "tf-c8kv-prim",
            "notifications": [
              "someone@domain.com"
            ],
            "order_reference": null,
            "package_code": "network-essentials",
            "purchase_order_number": null,
            "secondary_device": [
              {
                "account_number": "127154",
                "acl_template_id": null,
                "cloud_init_file_id": null,
                "hostname": "rtr-am-sec",
                "license_file": null,
                "license_token": null,
                "metro_code": "AM",
                "mgmt_acl_template_uuid": null,
                "name": "tf-c8kv-sec",
                "notifications": [
                  "someone@domain.com"
                ],
                "ssh_key": [],
                "wan_interface_id": null
              }
            ],
            "self_managed": true,
            "ssh_key": [
              {
                "key_name": "valid-key-name",
                "username": "test-username"
              }
            ],
            "term_length": 1,
            "throughput": null,
            "throughput_unit": null,
            "timeouts": null,
            "type_code": "C8000V",
            "version": "17.06.01a",
            "wan_interface_id": null
          },
          "sensitive_values": {
            "cluster_details": [],
            "interface": [],
            "notifications": [
              false
            ],
            "secondary_device": [
              {
                "interface": [],
                "notifications": [
                  false
                ],
                "ssh_key": [],
                "vendor_configuration": {}
              }
            ],
            "ssh_key": [
              {}
            ],
            "vendor_configuration": {}
          }
        }
      ]
    }
  },
  "resource_changes": [
    {
      "address": "equinix_fabric_cloud_router.fcr_am",
      "mode": "managed",
      "type": "equinix_fabric_cloud_router",
      "name": "fcr_am",
      "provider_name": "registry.terraform.io/equinix/equinix",
      "change": {
        "actions": [
          "create"
        ],
        "before": null,
        "after": {
          "account": [
            {
              "account_number": 127154
            }
          ],
          "description": null,
          "location": [
            {
              "metro_code": "AM"
            }
          ],
          "name": "Router-AM",
          "notifications": [
            {
              "emails": [
                "someone@domain.com"
              ],
              "send_interval": null,
              "type": "ALL"
            }
          ],
          "order": [
            {
              "term_length": 1
            }
          ],
          "package": [
            {
              "code": "STANDARD"
            }
          ],
          "project": [
            {
              "project_id": "e6be59d9-62c0-4140-aad6-150f0700203c"
            }
          ],
          "timeouts": null,
          "type": "XF_ROUTER"
        },
        "after_unknown": {
          "account": [
            {}
          ],
          "change_log": true,
          "connections_count": true,
          "equinix_asn": true,
          "href": true,
          "id": true,
          "location": [
            {
              "ibx": true,
              "metro_name": true,
              "region": true
            }
          ],
          "marketplace_subscription": true,
          "notifications": [
            {
              "emails": [
                false
              ]
            }
          ],
          "order": [
            {
              "billing_tier": true,
              "order_id": true,
              "order_number": true,
              "purchase_order_number": true
            }
          ],
          "package": [
            {}
          ],
          "project": [
            {
              "href": true
            }
          ],
          "state": true,
          "uuid": true
        },
        "before_sensitive": false,
        "after_sensitive": {
          "account": [
            {}
          ],
          "change_log": [],
          "location": [
            {}
          ],
          "marketplace_subscription": [],
          "notifications": [
            {
              "emails": [
                false
              ]
            }
          ],
          "order": [
            {}
          ],
          "package": [
            {}
          ],
          "project": [
            {}
          ]
        }
      }
    },
    {
      "address": "equinix_fabric_cloud_router.fcr_fr",
      "mode": "managed",
      "type": "equinix_fabric_cloud_router",
      "name": "fcr_fr",
      "provider_name": "registry.terraform.io/equinix/equinix",
      "change": {
        "actions": [
          "create"
        ],
        "before": null,
        "after": {
          "account": [
            {
              "account_number": 133899
            }
          ],
          "description": null,
          "location": [
            {
              "metro_code": "FR"
            }
          ],
          "name": "Router-FR",
          "notifications": [
            {
              "emails": [
                "someone@domain.com"
              ],
              "send_interval": null,
              "type": "ALL"
            }
          ],
          "order": [
            {
              "term_length": 12
            }
          ],
          "package": [
            {
              "code": "STANDARD"
            }
          ],
          "project": [
            {
              "project_id": "e6be59d9-62c0-4140-aad6-150f0700203c"
            }
          ],
          "timeouts": null,
          "type": "XF_ROUTER"
        },
        "after_unknown": {
          "account": [
            {}
          ],
          "change_log": true,
          "connections_count": true,
          "equinix_asn": true,
          "href": true,
          "id": true,
          "location": [
            {
              "ibx": true,
              "metro_name": true,
              "region": true
            }
          ],
          "marketplace_subscription": true,
          "notifications": [
            {
              "emails": [
                false
              ]
            }
          ],
          "order": [
            {
              "billing_tier": true,
              "order_id": true,
              "order_number": true,
              "purchase_order_number": true
            }
          ],
          "package": [
            {}
          ],
          "project": [
            {
              "href": true
            }
          ],
          "state": true,
          "uuid": true
        },
        "before_sensitive": false,
        "after_sensitive": {
          "account": [
            {}
          ],
          "change_log": [],
          "location": [
            {}
          ],
          "marketplace_subscription": [],
          "notifications": [
            {
              "emails": [
                false
              ]
            }
          ],
          "order": [
            {}
          ],
          "package": [
            {}
          ],
          "project": [
            {}
          ]
        }
      }
    },
    {
      "address": "equinix_fabric_connection.fcr_am_ipwan_emea",
      "mode": "managed",
      "type": "equinix_fabric_connection",
      "name": "fcr_am_ipwan_emea",
      "provider_name": "registry.terraform.io/equinix/equinix",
      "change": {
        "actions": [
          "create"
        ],
        "before": null,
        "after": {
          "a_side": [
            {
              "access_point": [
                {
                  "authentication_key": "",
                  "gateway": [],
                  "interface": [],
                  "link_protocol": [],
                  "network": [],
                  "peering_type": "",
                  "port": [],
                  "profile": [],
                  "router": [
                    {
                      "uuid": "e27dd359-2a94-4c3d-9dbf-759e6cf24dd7"
                    }
                  ],
                  "seller_region": "",
                  "type": "CLOUD_ROUTER",
                  "virtual_device": []
                }
              ],
              "additional_info": [],
              "service_token": []
            }
          ],
          "additional_info": null,
          "bandwidth": 200,
          "description": null,
          "name": "fcr-am-ipwan-emea",
          "notifications": [
            {
              "emails": [
                "someone@domain.com"
              ],
              "send_interval": null,
              "type": "ALL"
            }
          ],
          "order": [
            {
              "term_length": 1
            }
          ],
          "redundancy": [],
          "timeouts": null,
          "type": "IPWAN_VC",
          "z_side": [
            {
              "access_point": [
                {
                  "authentication_key": "",
                  "gateway": [],
                  "interface": [],
                  "link_protocol": [],
                  "network": [
                    {
                      "uuid": "20fcdd6b-fb4d-457e-8714-9519335ef50a"
                    }
                  ],
                  "peering_type": "",
                  "port": [],
                  "profile": [],
                  "router": [],
                  "seller_region": "",
                  "type": "NETWORK",
                  "virtual_device": []
                }
              ],
              "additional_info": [],
              "service_token": []
            }
          ]
        },
        "after_unknown": {
          "a_side": [
            {
              "access_point": [
                {
                  "account": true,
                  "gateway": [],
                  "interface": [],
                  "link_protocol": [],
                  "location": true,
                  "network": [],
                  "port": [],
                  "profile": [],
                  "provider_connection_id": true,
                  "router": [
                    {
                      "href": true
                    }
                  ],
                  "virtual_device": []
                }
              ],
              "additional_info": [],
              "service_token": []
            }
          ],
          "account": true,
          "change_log": true,
          "direction": true,
          "href": true,
          "id": true,
          "is_remote": true,
          "notifications": [
            {
              "emails": [
                false
              ]
            }
          ],
          "operation": true,
          "order": [
            {
              "billing_tier": true,
              "order_id": true,
              "order_number": true,
              "purchase_order_number": true
            }
          ],
          "project": true,
          "redundancy": [],
          "state": true,
          "uuid": true,
          "z_side": [
            {
              "access_point": [
                {
                  "account": true,
                  "gateway": [],
                  "interface": [],
                  "link_protocol": [],
                  "location": true,
                  "network": [
                    {
                      "href": true
                    }
                  ],
                  "port": [],
                  "profile": [],
                  "provider_connection_id": true,
                  "router": [],
                  "virtual_device": []
                }
              ],
              "additional_info": [],
              "service_token": []
            }
          ]
        },
        "before_sensitive": false,
        "after_sensitive": {
          "a_side": [
            {
              "access_point": [
                {
                  "account": [],
                  "gateway": [],
                  "interface": [],
                  "link_protocol": [],
                  "location": [],
                  "network": [],
                  "port": [],
                  "profile": [],
                  "router": [
                    {}
                  ],
                  "virtual_device": []
                }
              ],
              "additional_info": [],
              "service_token": []
            }
          ],
          "account": [],
          "change_log": [],
          "notifications": [
            {
              "emails": [
                false
              ]
            }
          ],
          "operation": [],
          "order": [
            {}
          ],
          "project": [],
          "redundancy": [],
          "z_side": [
            {
              "access_point": [
                {
                  "account": [],
                  "gateway": [],
                  "interface": [],
                  "link_protocol": [],
                  "location": [],
                  "network": [
                    {}
                  ],
                  "port": [],
                  "profile": [],
                  "router": [],
                  "virtual_device": []
                }
              ],
              "additional_info": [],
              "service_token": []
            }
          ]
        }
      }
    },
    {
      "address": "equinix_fabric_connection.fcr_am_vd_am",
      "mode": "managed",
      "type": "equinix_fabric_connection",
      "name": "fcr_am_vd_am",
      "provider_name": "registry.terraform.io/equinix/equinix",
      "change": {
        "actions": [
          "create"
        ],
        "before": null,
        "after": {
          "a_side": [
            {
              "access_point": [
                {
                  "authentication_key": "",
                  "gateway": [],
                  "interface": [],
                  "link_protocol": [],
                  "network": [],
                  "peering_type": "",
                  "port": [],
                  "profile": [],
                  "router": [
                    {}
                  ],
                  "seller_region": "",
                  "type": "CLOUD_ROUTER",
                  "virtual_device": []
                }
              ],
              "additional_info": [],
              "service_token": []
            }
          ],
          "additional_info": null,
          "bandwidth": 50,
          "description": null,
          "name": "FCR AM > sec VD AM",
          "notifications": [
            {
              "emails": [
                "someone@domain.com"
              ],
              "send_interval": null,
              "type": "ALL"
            }
          ],
          "order": [
            {
              "term_length": 1
            }
          ],
          "redundancy": [],
          "timeouts": null,
          "type": "IP_VC",
          "z_side": [
            {
              "access_point": [
                {
                  "authentication_key": "",
                  "gateway": [],
                  "interface": [
                    {
                      "id": 8,
                      "type": "CLOUD",
                      "uuid": ""
                    }
                  ],
                  "link_protocol": [
                    {
                      "type": "DOT1Q",
                      "vlan_tag": 200
                    }
                  ],
                  "network": [],
                  "peering_type": "",
                  "port": [],
                  "profile": [],
                  "router": [],
                  "seller_region": "",
                  "type": "VD",
                  "virtual_device": [
                    {
                      "name": "",
                      "type": "EDGE"
                    }
                  ]
                }
              ],
              "additional_info": [],
              "service_token": []
            }
          ]
        },
        "after_unknown": {
          "a_side": [
            {
              "access_point": [
                {
                  "account": true,
                  "gateway": [],
                  "interface": [],
                  "link_protocol": [],
                  "location": true,
                  "network": [],
                  "port": [],
                  "profile": [],
                  "provider_connection_id": true,
                  "router": [
                    {
                      "href": true,
                      "uuid": true
                    }
                  ],
                  "virtual_device": []
                }
              ],
              "additional_info": [],
              "service_token": []
            }
          ],
          "account": true,
          "change_log": true,
          "direction": true,
          "href": true,
          "id": true,
          "is_remote": true,
          "notifications": [
            {
              "emails": [
                false
              ]
            }
          ],
          "operation": true,
          "order": [
            {
              "billing_tier": true,
              "order_id": true,
              "order_number": true,
              "purchase_order_number": true
            }
          ],
          "project": true,
          "redundancy": [],
          "state": true,
          "uuid": true,
          "z_side": [
            {
              "access_point": [
                {
                  "account": true,
                  "gateway": [],
                  "interface": [
                    {}
                  ],
                  "link_protocol": [
                    {
                      "vlan_c_tag": true,
                      "vlan_s_tag": true
                    }
                  ],
                  "location": true,
                  "network": [],
                  "port": [],
                  "profile": [],
                  "provider_connection_id": true,
                  "router": [],
                  "virtual_device": [
                    {
                      "href": true,
                      "uuid": true
                    }
                  ]
                }
              ],
              "additional_info": [],
              "service_token": []
            }
          ]
        },
        "before_sensitive": false,
        "after_sensitive": {
          "a_side": [
            {
              "access_point": [
                {
                  "account": [],
                  "gateway": [],
                  "interface": [],
                  "link_protocol": [],
                  "location": [],
                  "network": [],
                  "port": [],
                  "profile": [],
                  "router": [
                    {}
                  ],
                  "virtual_device": []
                }
              ],
              "additional_info": [],
              "service_token": []
            }
          ],
          "account": [],
          "change_log": [],
          "notifications": [
            {
              "emails": [
                false
              ]
            }
          ],
          "operation": [],
          "order": [
            {}
          ],
          "project": [],
          "redundancy": [],
          "z_side": [
            {
              "access_point": [
                {
                  "account": [],
                  "gateway": [],
                  "interface": [
                    {}
                  ],
                  "link_protocol": [
                    {}
                  ],
                  "location": [],
                  "network": [],
                  "port": [],
                  "profile": [],
                  "router": [],
                  "virtual_device": [
                    {}
                  ]
                }
              ],
              "additional_info": [],
              "service_token": []
            }
          ]
        }
      }
    },
    {
      "address": "equinix_fabric_connection.fcr_fr_ipwan_emea",
      "mode": "managed",
      "type": "equinix_fabric_connection",
      "name": "fcr_fr_ipwan_emea",
      "provider_name": "registry.terraform.io/equinix/equinix",
      "change": {
        "actions": [
          "create"
        ],
        "before": null,
        "after": {
          "a_side": [
            {
              "access_point": [
                {
                  "authentication_key": "",
                  "gateway": [],
                  "interface": [],
                  "link_protocol": [],
                  "network": [],
                  "peering_type": "",
                  "port": [],
                  "profile": [],
                  "router": [
                    {}
                  ],
                  "seller_region": "",
                  "type": "CLOUD_ROUTER",
                  "virtual_device": []
                }
              ],
              "additional_info": [],
              "service_token": []
            }
          ],
          "additional_info": null,
          "bandwidth": 50,
          "description": null,
          "name": "fcr-fr-ipwan-emea",
          "notifications": [
            {
              "emails": [
                "someone@domain.com"
              ],
              "send_interval": null,
              "type": "ALL"
            }
          ],
          "order": [
            {
              "term_length": 1
            }
          ],
          "redundancy": [],
          "timeouts": null,
          "type": "IPWAN_VC",
          "z_side": [
            {
              "access_point": [
                {
                  "authentication_key": "",
                  "gateway": [],
                  "interface": [],
                  "link_protocol": [],
                  "network": [
                    {}
                  ],
                  "peering_type": "",
                  "port": [],
                  "profile": [],
                  "router": [],
                  "seller_region": "",
                  "type": "NETWORK",
                  "virtual_device": []
                }
              ],
              "additional_info": [],
              "service_token": []
            }
          ]
        },
        "after_unknown": {
          "a_side": [
            {
              "access_point": [
                {
                  "account": true,
                  "gateway": [],
                  "interface": [],
                  "link_protocol": [],
                  "location": true,
                  "network": [],
                  "port": [],
                  "profile": [],
                  "provider_connection_id": true,
                  "router": [
                    {
                      "href": true,
                      "uuid": true
                    }
                  ],
                  "virtual_device": []
                }
              ],
              "additional_info": [],
              "service_token": []
            }
          ],
          "account": true,
          "change_log": true,
          "direction": true,
          "href": true,
          "id": true,
          "is_remote": true,
          "notifications": [
            {
              "emails": [
                false
              ]
            }
          ],
          "operation": true,
          "order": [
            {
              "billing_tier": true,
              "order_id": true,
              "order_number": true,
              "purchase_order_number": true
            }
          ],
          "project": true,
          "redundancy": [],
          "state": true,
          "uuid": true,
          "z_side": [
            {
              "access_point": [
                {
                  "account": true,
                  "gateway": [],
                  "interface": [],
                  "link_protocol": [],
                  "location": true,
                  "network": [
                    {
                      "href": true,
                      "uuid": true
                    }
                  ],
                  "port": [],
                  "profile": [],
                  "provider_connection_id": true,
                  "router": [],
                  "virtual_device": []
                }
              ],
              "additional_info": [],
              "service_token": []
            }
          ]
        },
        "before_sensitive": false,
        "after_sensitive": {
          "a_side": [
            {
              "access_point": [
                {
                  "account": [],
                  "gateway": [],
                  "interface": [],
                  "link_protocol": [],
                  "location": [],
                  "network": [],
                  "port": [],
                  "profile": [],
                  "router": [
                    {}
                  ],
                  "virtual_device": []
                }
              ],
              "additional_info": [],
              "service_token": []
            }
          ],
          "account": [],
          "change_log": [],
          "notifications": [
            {
              "emails": [
                false
              ]
            }
          ],
          "operation": [],
          "order": [
            {}
          ],
          "project": [],
          "redundancy": [],
          "z_side": [
            {
              "access_point": [
                {
                  "account": [],
                  "gateway": [],
                  "interface": [],
                  "link_protocol": [],
                  "location": [],
                  "network": [
                    {}
                  ],
                  "port": [],
                  "profile": [],
                  "router": [],
                  "virtual_device": []
                }
              ],
              "additional_info": [],
              "service_token": []
            }
          ]
        }
      }
    },
    {
      "address": "equinix_fabric_connection.fcr_fr_port_fr_prim",
      "mode": "managed",
      "type": "equinix_fabric_connection",
      "name": "fcr_fr_port_fr_prim",
      "provider_name": "registry.terraform.io/equinix/equinix",
      "change": {
        "actions": [
          "create"
        ],
        "before": null,
        "after": {
          "a_side": [
            {
              "access_point": [
                {
                  "authentication_key": "",
                  "gateway": [],
                  "interface": [],
                  "link_protocol": [],
                  "network": [],
                  "peering_type": "",
                  "port": [],
                  "profile": [],
                  "router": [
                    {}
                  ],
                  "seller_region": "",
                  "type": "CLOUD_ROUTER",
                  "virtual_device": []
                }
              ],
              "additional_info": [],
              "service_token": []
            }
          ],
          "additional_info": null,
          "bandwidth": 50,
          "description": null,
          "name": "FCR > prim Port FR",
          "notifications": [
            {
              "emails": [
                "someone@domain.com"
              ],
              "send_interval": null,
              "type": "ALL"
            }
          ],
          "order": [
            {
              "term_length": 1
            }
          ],
          "redundancy": [],
          "timeouts": null,
          "type": "IP_VC",
          "z_side": [
            {
              "access_point": [
                {
                  "authentication_key": "",
                  "gateway": [],
                  "interface": [],
                  "link_protocol": [
                    {
                      "type": "DOT1Q",
                      "vlan_tag": 100
                    }
                  ],
                  "location": [
                    {
                      "metro_code": "FR"
                    }
                  ],
                  "network": [],
                  "peering_type": "",
                  "port": [
                    {
                      "uuid": "924ac976-a879-8791-2be0-3eea8c00a394"
                    }
                  ],
                  "profile": [],
                  "router": [],
                  "seller_region": "",
                  "type": "COLO",
                  "virtual_device": []
                }
              ],
              "additional_info": [],
              "service_token": []
            }
          ]
        },
        "after_unknown": {
          "a_side": [
            {
              "access_point": [
                {
                  "account": true,
                  "gateway": [],
                  "interface": [],
                  "link_protocol": [],
                  "location": true,
                  "network": [],
                  "port": [],
                  "profile": [],
                  "provider_connection_id": true,
                  "router": [
                    {
                      "href": true,
                      "uuid": true
                    }
                  ],
                  "virtual_device": []
                }
              ],
              "additional_info": [],
              "service_token": []
            }
          ],
          "account": true,
          "change_log": true,
          "direction": true,
          "href": true,
          "id": true,
          "is_remote": true,
          "notifications": [
            {
              "emails": [
                false
              ]
            }
          ],
          "operation": true,
          "order": [
            {
              "billing_tier": true,
              "order_id": true,
              "order_number": true,
              "purchase_order_number": true
            }
          ],
          "project": true,
          "redundancy": [],
          "state": true,
          "uuid": true,
          "z_side": [
            {
              "access_point": [
                {
                  "account": true,
                  "gateway": [],
                  "interface": [],
                  "link_protocol": [
                    {
                      "vlan_c_tag": true,
                      "vlan_s_tag": true
                    }
                  ],
                  "location": [
                    {
                      "ibx": true,
                      "metro_name": true,
                      "region": true
                    }
                  ],
                  "network": [],
                  "port": [
                    {
                      "href": true,
                      "name": true,
                      "redundancy": true
                    }
                  ],
                  "profile": [],
                  "provider_connection_id": true,
                  "router": [],
                  "virtual_device": []
                }
              ],
              "additional_info": [],
              "service_token": []
            }
          ]
        },
        "before_sensitive": false,
        "after_sensitive": {
          "a_side": [
            {
              "access_point": [
                {
                  "account": [],
                  "gateway": [],
                  "interface": [],
                  "link_protocol": [],
                  "location": [],
                  "network": [],
                  "port": [],
                  "profile": [],
                  "router": [
                    {}
                  ],
                  "virtual_device": []
                }
              ],
              "additional_info": [],
              "service_token": []
            }
          ],
          "account": [],
          "change_log": [],
          "notifications": [
            {
              "emails": [
                false
              ]
            }
          ],
          "operation": [],
          "order": [
            {}
          ],
          "project": [],
          "redundancy": [],
          "z_side": [
            {
              "access_point": [
                {
                  "account": [],
                  "gateway": [],
                  "interface": [],
                  "link_protocol": [
                    {}
                  ],
                  "location": [
                    {}
                  ],
                  "network": [],
                  "port": [
                    {
                      "redundancy": []
                    }
                  ],
                  "profile": [],
                  "router": [],
                  "virtual_device": []
                }
              ],
              "additional_info": [],
              "service_token": []
            }
          ]
        }
      }
    },
    {
      "address": "equinix_fabric_connection.fcr_fr_port_fr_sec",
      "mode": "managed",
      "type": "equinix_fabric_connection",
      "name": "fcr_fr_port_fr_sec",
      "provider_name": "registry.terraform.io/equinix/equinix",
      "change": {
        "actions": [
          "create"
        ],
        "before": null,
        "after": {
          "a_side": [
            {
              "access_point": [
                {
                  "authentication_key": "",
                  "gateway": [],
                  "interface": [],
                  "link_protocol": [],
                  "network": [],
                  "peering_type": "",
                  "port": [],
                  "profile": [],
                  "router": [
                    {}
                  ],
                  "seller_region": "",
                  "type": "CLOUD_ROUTER",
                  "virtual_device": []
                }
              ],
              "additional_info": [],
              "service_token": []
            }
          ],
          "additional_info": null,
          "bandwidth": 50,
          "description": null,
          "name": "FCR > sec Port FR",
          "notifications": [
            {
              "emails": [
                "someone@domain.com"
              ],
              "send_interval": null,
              "type": "ALL"
            }
          ],
          "order": [
            {
              "term_length": 1
            }
          ],
          "redundancy": [],
          "timeouts": null,
          "type": "IP_VC",
          "z_side": [
            {
              "access_point": [
                {
                  "authentication_key": "",
                  "gateway": [],
                  "interface": [],
                  "link_protocol": [
                    {
                      "type": "DOT1Q",
                      "vlan_tag": 100
                    }
                  ],
                  "location": [
                    {
                      "metro_code": "FR"
                    }
                  ],
                  "network": [],
                  "peering_type": "",
                  "port": [
                    {
                      "uuid": "924ac976-a87a-87a1-2be0-3eea8c00a394"
                    }
                  ],
                  "profile": [],
                  "router": [],
                  "seller_region": "",
                  "type": "COLO",
                  "virtual_device": []
                }
              ],
              "additional_info": [],
              "service_token": []
            }
          ]
        },
        "after_unknown": {
          "a_side": [
            {
              "access_point": [
                {
                  "account": true,
                  "gateway": [],
                  "interface": [],
                  "link_protocol": [],
                  "location": true,
                  "network": [],
                  "port": [],
                  "profile": [],
                  "provider_connection_id": true,
                  "router": [
                    {
                      "href": true,
                      "uuid": true
                    }
                  ],
                  "virtual_device": []
                }
              ],
              "additional_info": [],
              "service_token": []
            }
          ],
          "account": true,
          "change_log": true,
          "direction": true,
          "href": true,
          "id": true,
          "is_remote": true,
          "notifications": [
            {
              "emails": [
                false
              ]
            }
          ],
          "operation": true,
          "order": [
            {
              "billing_tier": true,
              "order_id": true,
              "order_number": true,
              "purchase_order_number": true
            }
          ],
          "project": true,
          "redundancy": [],
          "state": true,
          "uuid": true,
          "z_side": [
            {
              "access_point": [
                {
                  "account": true,
                  "gateway": [],
                  "interface": [],
                  "link_protocol": [
                    {
                      "vlan_c_tag": true,
                      "vlan_s_tag": true
                    }
                  ],
                  "location": [
                    {
                      "ibx": true,
                      "metro_name": true,
                      "region": true
                    }
                  ],
                  "network": [],
                  "port": [
                    {
                      "href": true,
                      "name": true,
                      "redundancy": true
                    }
                  ],
                  "profile": [],
                  "provider_connection_id": true,
                  "router": [],
                  "virtual_device": []
                }
              ],
              "additional_info": [],
              "service_token": []
            }
          ]
        },
        "before_sensitive": false,
        "after_sensitive": {
          "a_side": [
            {
              "access_point": [
                {
                  "account": [],
                  "gateway": [],
                  "interface": [],
                  "link_protocol": [],
                  "location": [],
                  "network": [],
                  "port": [],
                  "profile": [],
                  "router": [
                    {}
                  ],
                  "virtual_device": []
                }
              ],
              "additional_info": [],
              "service_token": []
            }
          ],
          "account": [],
          "change_log": [],
          "notifications": [
            {
              "emails": [
                false
              ]
            }
          ],
          "operation": [],
          "order": [
            {}
          ],
          "project": [],
          "redundancy": [],
          "z_side": [
            {
              "access_point": [
                {
                  "account": [],
                  "gateway": [],
                  "interface": [],
                  "link_protocol": [
                    {}
                  ],
                  "location": [
                    {}
                  ],
                  "network": [],
                  "port": [
                    {
                      "redundancy": []
                    }
                  ],
                  "profile": [],
                  "router": [],
                  "virtual_device": []
                }
              ],
              "additional_info": [],
              "service_token": []
            }
          ]
        }
      }
    },
    {
      "address": "equinix_fabric_connection.fcr_fr_sp",
      "mode": "managed",
      "type": "equinix_fabric_connection",
      "name": "fcr_fr_sp",
      "provider_name": "registry.terraform.io/equinix/equinix",
      "change": {
        "actions": [
          "create"
        ],
        "before": null,
        "after": {
          "a_side": [
            {
              "access_point": [
                {
                  "authentication_key": "",
                  "gateway": [],
                  "interface": [],
                  "link_protocol": [],
                  "network": [],
                  "peering_type": "",
                  "port": [],
                  "profile": [],
                  "router": [
                    {}
                  ],
                  "seller_region": "",
                  "type": "CLOUD_ROUTER",
                  "virtual_device": []
                }
              ],
              "additional_info": [],
              "service_token": []
            }
          ],
          "additional_info": null,
          "bandwidth": 50,
          "description": null,
          "name": "FCR > sec Port FR",
          "notifications": [
            {
              "emails": [
                "someone@domain.com"
              ],
              "send_interval": null,
              "type": "ALL"
            }
          ],
          "order": [
            {
              "term_length": 1
            }
          ],
          "redundancy": [],
          "timeouts": null,
          "type": "IP_VC",
          "z_side": [
            {
              "access_point": [
                {
                  "authentication_key": "<aws_account_id>",
                  "gateway": [],
                  "interface": [],
                  "link_protocol": [],
                  "location": [
                    {
                      "metro_code": "FR"
                    }
                  ],
                  "network": [],
                  "peering_type": "",
                  "port": [],
                  "profile": [
                    {
                      "type": "L2_PROFILE",
                      "uuid": "69ee618d-be52-468d-bc99-00566f2dd2b9"
                    }
                  ],
                  "router": [],
                  "seller_region": "eu-central-1",
                  "type": "SP",
                  "virtual_device": []
                }
              ],
              "additional_info": [],
              "service_token": []
            }
          ]
        },
        "after_unknown": {
          "a_side": [
            {
              "access_point": [
                {
                  "account": true,
                  "gateway": [],
                  "interface": [],
                  "link_protocol": [],
                  "location": true,
                  "network": [],
                  "port": [],
                  "profile": [],
                  "provider_connection_id": true,
                  "router": [
                    {
                      "href": true,
                      "uuid": true
                    }
                  ],
                  "virtual_device": []
                }
              ],
              "additional_info": [],
              "service_token": []
            }
          ],
          "account": true,
          "change_log": true,
          "direction": true,
          "href": true,
          "id": true,
          "is_remote": true,
          "notifications": [
            {
              "emails": [
                false
              ]
            }
          ],
          "operation": true,
          "order": [
            {
              "billing_tier": true,
              "order_id": true,
              "order_number": true,
              "purchase_order_number": true
            }
          ],
          "project": true,
          "redundancy": [],
          "state": true,
          "uuid": true,
          "z_side": [
            {
              "access_point": [
                {
                  "account": true,
                  "gateway": [],
                  "interface": [],
                  "link_protocol": [],
                  "location": [
                    {
                      "ibx": true,
                      "metro_name": true,
                      "region": true
                    }
                  ],
                  "network": [],
                  "port": [],
                  "profile": [
                    {
                      "access_point_type_configs": true,
                      "description": true,
                      "href": true,
                      "name": true
                    }
                  ],
                  "provider_connection_id": true,
                  "router": [],
                  "virtual_device": []
                }
              ],
              "additional_info": [],
              "service_token": []
            }
          ]
        },
        "before_sensitive": false,
        "after_sensitive": {
          "a_side": [
            {
              "access_point": [
                {
                  "account": [],
                  "gateway": [],
                  "interface": [],
                  "link_protocol": [],
                  "location": [],
                  "network": [],
                  "port": [],
                  "profile": [],
                  "router": [
                    {}
                  ],
                  "virtual_device": []
                }
              ],
              "additional_info": [],
              "service_token": []
            }
          ],
          "account": [],
          "change_log": [],
          "notifications": [
            {
              "emails": [
                false
              ]
            }
          ],
          "operation": [],
          "order": [
            {}
          ],
          "project": [],
          "redundancy": [],
          "z_side": [
            {
              "access_point": [
                {
                  "account": [],
                  "gateway": [],
                  "interface": [],
                  "link_protocol": [],
                  "location": [
                    {}
                  ],
                  "network": [],
                  "port": [],
                  "profile": [
                    {
                      "access_point_type_configs": []
                    }
                  ],
                  "router": [],
                  "virtual_device": []
                }
              ],
              "additional_info": [],
              "service_token": []
            }
          ]
        }
      }
    },
    {
      "address": "equinix_fabric_connection.fcr_fr_vd_fr",
      "mode": "managed",
      "type": "equinix_fabric_connection",
      "name": "fcr_fr_vd_fr",
      "provider_name": "registry.terraform.io/equinix/equinix",
      "change": {
        "actions": [
          "create"
        ],
        "before": null,
        "after": {
          "a_side": [
            {
              "access_point": [
                {
                  "authentication_key": "",
                  "gateway": [],
                  "interface": [],
                  "link_protocol": [],
                  "network": [],
                  "peering_type": "",
                  "port": [],
                  "profile": [],
                  "router": [
                    {}
                  ],
                  "seller_region": "",
                  "type": "CLOUD_ROUTER",
                  "virtual_device": []
                }
              ],
              "additional_info": [],
              "service_token": []
            }
          ],
          "additional_info": null,
          "bandwidth": 50,
          "description": null,
          "name": "FCR FR > VD FR",
          "notifications": [
            {
              "emails": [
                "someone@domain.com"
              ],
              "send_interval": null,
              "type": "ALL"
            }
          ],
          "order": [
            {
              "term_length": 1
            }
          ],
          "redundancy": [],
          "timeouts": null,
          "type": "IP_VC",
          "z_side": [
            {
              "access_point": [
                {
                  "authentication_key": "",
                  "gateway": [],
                  "interface": [
                    {
                      "id": 8,
                      "type": "CLOUD",
                      "uuid": ""
                    }
                  ],
                  "link_protocol": [
                    {
                      "type": "DOT1Q",
                      "vlan_tag": 100
                    }
                  ],
                  "network": [],
                  "peering_type": "",
                  "port": [],
                  "profile": [],
                  "router": [],
                  "seller_region": "",
                  "type": "VD",
                  "virtual_device": [
                    {
                      "name": "",
                      "type": "EDGE",
                      "uuid": "e7838605-de1f-4ee5-8e2c-082e6d853764"
                    }
                  ]
                }
              ],
              "additional_info": [],
              "service_token": []
            }
          ]
        },
        "after_unknown": {
          "a_side": [
            {
              "access_point": [
                {
                  "account": true,
                  "gateway": [],
                  "interface": [],
                  "link_protocol": [],
                  "location": true,
                  "network": [],
                  "port": [],
                  "profile": [],
                  "provider_connection_id": true,
                  "router": [
                    {
                      "href": true,
                      "uuid": true
                    }
                  ],
                  "virtual_device": []
                }
              ],
              "additional_info": [],
              "service_token": []
            }
          ],
          "account": true,
          "change_log": true,
          "direction": true,
          "href": true,
          "id": true,
          "is_remote": true,
          "notifications": [
            {
              "emails": [
                false
              ]
            }
          ],
          "operation": true,
          "order": [
            {
              "billing_tier": true,
              "order_id": true,
              "order_number": true,
              "purchase_order_number": true
            }
          ],
          "project": true,
          "redundancy": [],
          "state": true,
          "uuid": true,
          "z_side": [
            {
              "access_point": [
                {
                  "account": true,
                  "gateway": [],
                  "interface": [
                    {}
                  ],
                  "link_protocol": [
                    {
                      "vlan_c_tag": true,
                      "vlan_s_tag": true
                    }
                  ],
                  "location": true,
                  "network": [],
                  "port": [],
                  "profile": [],
                  "provider_connection_id": true,
                  "router": [],
                  "virtual_device": [
                    {
                      "href": true
                    }
                  ]
                }
              ],
              "additional_info": [],
              "service_token": []
            }
          ]
        },
        "before_sensitive": false,
        "after_sensitive": {
          "a_side": [
            {
              "access_point": [
                {
                  "account": [],
                  "gateway": [],
                  "interface": [],
                  "link_protocol": [],
                  "location": [],
                  "network": [],
                  "port": [],
                  "profile": [],
                  "router": [
                    {}
                  ],
                  "virtual_device": []
                }
              ],
              "additional_info": [],
              "service_token": []
            }
          ],
          "account": [],
          "change_log": [],
          "notifications": [
            {
              "emails": [
                false
              ]
            }
          ],
          "operation": [],
          "order": [
            {}
          ],
          "project": [],
          "redundancy": [],
          "z_side": [
            {
              "access_point": [
                {
                  "account": [],
                  "gateway": [],
                  "interface": [
                    {}
                  ],
                  "link_protocol": [
                    {}
                  ],
                  "location": [],
                  "network": [],
                  "port": [],
                  "profile": [],
                  "router": [],
                  "virtual_device": [
                    {}
                  ]
                }
              ],
              "additional_info": [],
              "service_token": []
            }
          ]
        }
      }
    },
    {
      "address": "equinix_fabric_connection.port_fr_evplan_emea",
      "mode": "managed",
      "type": "equinix_fabric_connection",
      "name": "port_fr_evplan_emea",
      "provider_name": "registry.terraform.io/equinix/equinix",
      "change": {
        "actions": [
          "create"
        ],
        "before": null,
        "after": {
          "a_side": [
            {
              "access_point": [
                {
                  "authentication_key": "",
                  "gateway": [],
                  "interface": [],
                  "link_protocol": [],
                  "network": [],
                  "peering_type": "",
                  "port": [
                    {
                      "uuid": "924ac976-a879-8791-2be0-3eea8c00a394"
                    }
                  ],
                  "profile": [],
                  "router": [],
                  "seller_region": "",
                  "type": "COLO",
                  "virtual_device": []
                }
              ],
              "additional_info": [],
              "service_token": []
            }
          ],
          "additional_info": null,
          "bandwidth": 500,
          "description": null,
          "name": "fcr-fr-ipwan-emea",
          "notifications": [
            {
              "emails": [
                "someone@domain.com"
              ],
              "send_interval": null,
              "type": "ALL"
            }
          ],
          "order": [
            {
              "term_length": 1
            }
          ],
          "redundancy": [],
          "timeouts": null,
          "type": "EVPL_VC",
          "z_side": [
            {
              "access_point": [
                {
                  "authentication_key": "",
                  "gateway": [],
                  "interface": [],
                  "link_protocol": [],
                  "network": [
                    {}
                  ],
                  "peering_type": "",
                  "port": [],
                  "profile": [],
                  "router": [],
                  "seller_region": "",
                  "type": "NETWORK",
                  "virtual_device": []
                }
              ],
              "additional_info": [],
              "service_token": []
            }
          ]
        },
        "after_unknown": {
          "a_side": [
            {
              "access_point": [
                {
                  "account": true,
                  "gateway": [],
                  "interface": [],
                  "link_protocol": [],
                  "location": true,
                  "network": [],
                  "port": [
                    {
                      "href": true,
                      "name": true,
                      "redundancy": true
                    }
                  ],
                  "profile": [],
                  "provider_connection_id": true,
                  "router": [],
                  "virtual_device": []
                }
              ],
              "additional_info": [],
              "service_token": []
            }
          ],
          "account": true,
          "change_log": true,
          "direction": true,
          "href": true,
          "id": true,
          "is_remote": true,
          "notifications": [
            {
              "emails": [
                false
              ]
            }
          ],
          "operation": true,
          "order": [
            {
              "billing_tier": true,
              "order_id": true,
              "order_number": true,
              "purchase_order_number": true
            }
          ],
          "project": true,
          "redundancy": [],
          "state": true,
          "uuid": true,
          "z_side": [
            {
              "access_point": [
                {
                  "account": true,
                  "gateway": [],
                  "interface": [],
                  "link_protocol": [],
                  "location": true,
                  "network": [
                    {
                      "href": true,
                      "uuid": true
                    }
                  ],
                  "port": [],
                  "profile": [],
                  "provider_connection_id": true,
                  "router": [],
                  "virtual_device": []
                }
              ],
              "additional_info": [],
              "service_token": []
            }
          ]
        },
        "before_sensitive": false,
        "after_sensitive": {
          "a_side": [
            {
              "access_point": [
                {
                  "account": [],
                  "gateway": [],
                  "interface": [],
                  "link_protocol": [],
                  "location": [],
                  "network": [],
                  "port": [
                    {
                      "redundancy": []
                    }
                  ],
                  "profile": [],
                  "router": [],
                  "virtual_device": []
                }
              ],
              "additional_info": [],
              "service_token": []
            }
          ],
          "account": [],
          "change_log": [],
          "notifications": [
            {
              "emails": [
                false
              ]
            }
          ],
          "operation": [],
          "order": [
            {}
          ],
          "project": [],
          "redundancy": [],
          "z_side": [
            {
              "access_point": [
                {
                  "account": [],
                  "gateway": [],
                  "interface": [],
                  "link_protocol": [],
                  "location": [],
                  "network": [
                    {}
                  ],
                  "port": [],
                  "profile": [],
                  "router": [],
                  "virtual_device": []
                }
              ],
              "additional_info": [],
              "service_token": []
            }
          ]
        }
      }
    },
    {
      "address": "equinix_fabric_connection.port_fr_port_fr",
      "mode": "managed",
      "type": "equinix_fabric_connection",
      "name": "port_fr_port_fr",
      "provider_name": "registry.terraform.io/equinix/equinix",
      "change": {
        "actions": [
          "create"
        ],
        "before": null,
        "after": {
          "a_side": [
            {
              "access_point": [
                {
                  "authentication_key": "",
                  "gateway": [],
                  "interface": [],
                  "link_protocol": [
                    {
                      "type": "DOT1Q",
                      "vlan_s_tag": 100
                    }
                  ],
                  "network": [],
                  "peering_type": "",
                  "port": [
                    {
                      "uuid": "924ac976-a879-8791-2be0-3eea8c00a394"
                    }
                  ],
                  "profile": [],
                  "router": [],
                  "seller_region": "",
                  "type": "COLO",
                  "virtual_device": []
                }
              ],
              "additional_info": [],
              "service_token": []
            }
          ],
          "additional_info": null,
          "bandwidth": 50,
          "description": null,
          "name": "Port FR > Port FR",
          "notifications": [
            {
              "emails": [
                "someone@domain.com"
              ],
              "send_interval": null,
              "type": "ALL"
            }
          ],
          "order": [
            {
              "term_length": 1
            }
          ],
          "redundancy": [],
          "timeouts": null,
          "type": "EVPL_VC",
          "z_side": [
            {
              "access_point": [
                {
                  "authentication_key": "",
                  "gateway": [],
                  "interface": [],
                  "link_protocol": [
                    {
                      "type": "DOT1Q",
                      "vlan_s_tag": 100
                    }
                  ],
                  "network": [],
                  "peering_type": "",
                  "port": [
                    {
                      "uuid": "924ac976-a87a-87a1-2be0-3eea8c00a394"
                    }
                  ],
                  "profile": [],
                  "router": [],
                  "seller_region": "",
                  "type": "COLO",
                  "virtual_device": []
                }
              ],
              "additional_info": [],
              "service_token": []
            }
          ]
        },
        "after_unknown": {
          "a_side": [
            {
              "access_point": [
                {
                  "account": true,
                  "gateway": [],
                  "interface": [],
                  "link_protocol": [
                    {
                      "vlan_c_tag": true,
                      "vlan_tag": true
                    }
                  ],
                  "location": true,
                  "network": [],
                  "port": [
                    {
                      "href": true,
                      "name": true,
                      "redundancy": true
                    }
                  ],
                  "profile": [],
                  "provider_connection_id": true,
                  "router": [],
                  "virtual_device": []
                }
              ],
              "additional_info": [],
              "service_token": []
            }
          ],
          "account": true,
          "change_log": true,
          "direction": true,
          "href": true,
          "id": true,
          "is_remote": true,
          "notifications": [
            {
              "emails": [
                false
              ]
            }
          ],
          "operation": true,
          "order": [
            {
              "billing_tier": true,
              "order_id": true,
              "order_number": true,
              "purchase_order_number": true
            }
          ],
          "project": true,
          "redundancy": [],
          "state": true,
          "uuid": true,
          "z_side": [
            {
              "access_point": [
                {
                  "account": true,
                  "gateway": [],
                  "interface": [],
                  "link_protocol": [
                    {
                      "vlan_c_tag": true,
                      "vlan_tag": true
                    }
                  ],
                  "location": true,
                  "network": [],
                  "port": [
                    {
                      "href": true,
                      "name": true,
                      "redundancy": true
                    }
                  ],
                  "profile": [],
                  "provider_connection_id": true,
                  "router": [],
                  "virtual_device": []
                }
              ],
              "additional_info": [],
              "service_token": []
            }
          ]
        },
        "before_sensitive": false,
        "after_sensitive": {
          "a_side": [
            {
              "access_point": [
                {
                  "account": [],
                  "gateway": [],
                  "interface": [],
                  "link_protocol": [
                    {}
                  ],
                  "location": [],
                  "network": [],
                  "port": [
                    {
                      "redundancy": []
                    }
                  ],
                  "profile": [],
                  "router": [],
                  "virtual_device": []
                }
              ],
              "additional_info": [],
              "service_token": []
            }
          ],
          "account": [],
          "change_log": [],
          "notifications": [
            {
              "emails": [
                false
              ]
            }
          ],
          "operation": [],
          "order": [
            {}
          ],
          "project": [],
          "redundancy": [],
          "z_side": [
            {
              "access_point": [
                {
                  "account": [],
                  "gateway": [],
                  "interface": [],
                  "link_protocol": [
                    {}
                  ],
                  "location": [],
                  "network": [],
                  "port": [
                    {
                      "redundancy": []
                    }
                  ],
                  "profile": [],
                  "router": [],
                  "virtual_device": []
                }
              ],
              "additional_info": [],
              "service_token": []
            }
          ]
        }
      }
    },
    {
      "address": "equinix_fabric_connection.port_fr_sp_fr",
      "mode": "managed",
      "type": "equinix_fabric_connection",
      "name": "port_fr_sp_fr",
      "provider_name": "registry.terraform.io/equinix/equinix",
      "change": {
        "actions": [
          "create"
        ],
        "before": null,
        "after": {
          "a_side": [
            {
              "access_point": [
                {
                  "authentication_key": "",
                  "gateway": [],
                  "interface": [],
                  "link_protocol": [
                    {
                      "type": "DOT1Q",
                      "vlan_s_tag": 105
                    }
                  ],
                  "network": [],
                  "peering_type": "",
                  "port": [
                    {
                      "uuid": "924ac976-a879-8791-2be0-3eea8c00a394"
                    }
                  ],
                  "profile": [],
                  "router": [],
                  "seller_region": "",
                  "type": "COLO",
                  "virtual_device": []
                }
              ],
              "additional_info": [],
              "service_token": []
            }
          ],
          "additional_info": [
            {
              "key": "accessKey",
              "value": "<aws_access_key>"
            },
            {
              "key": "secretKey",
              "value": "<aws_secret_key>"
            }
          ],
          "bandwidth": 50,
          "description": null,
          "name": "FR-Port-FR-AWS-SP",
          "notifications": [
            {
              "emails": [
                "someone@domain.com"
              ],
              "send_interval": null,
              "type": "ALL"
            }
          ],
          "order": [
            {
              "purchase_order_number": "1-323929",
              "term_length": 1
            }
          ],
          "redundancy": [
            {
              "priority": "PRIMARY"
            }
          ],
          "timeouts": null,
          "type": "EVPL_VC",
          "z_side": [
            {
              "access_point": [
                {
                  "authentication_key": "<aws_account_id>",
                  "gateway": [],
                  "interface": [],
                  "link_protocol": [],
                  "location": [
                    {
                      "metro_code": "FR"
                    }
                  ],
                  "network": [],
                  "peering_type": "",
                  "port": [],
                  "profile": [
                    {
                      "type": "L2_PROFILE",
                      "uuid": "69ee618d-be52-468d-bc99-00566f2dd2b9"
                    }
                  ],
                  "router": [],
                  "seller_region": "eu-central-1",
                  "type": "SP",
                  "virtual_device": []
                }
              ],
              "additional_info": [],
              "service_token": []
            }
          ]
        },
        "after_unknown": {
          "a_side": [
            {
              "access_point": [
                {
                  "account": true,
                  "gateway": [],
                  "interface": [],
                  "link_protocol": [
                    {
                      "vlan_c_tag": true,
                      "vlan_tag": true
                    }
                  ],
                  "location": true,
                  "network": [],
                  "port": [
                    {
                      "href": true,
                      "name": true,
                      "redundancy": true
                    }
                  ],
                  "profile": [],
                  "provider_connection_id": true,
                  "router": [],
                  "virtual_device": []
                }
              ],
              "additional_info": [],
              "service_token": []
            }
          ],
          "account": true,
          "additional_info": [
            {},
            {}
          ],
          "change_log": true,
          "direction": true,
          "href": true,
          "id": true,
          "is_remote": true,
          "notifications": [
            {
              "emails": [
                false
              ]
            }
          ],
          "operation": true,
          "order": [
            {
              "billing_tier": true,
              "order_id": true,
              "order_number": true
            }
          ],
          "project": true,
          "redundancy": [
            {
              "group": true
            }
          ],
          "state": true,
          "uuid": true,
          "z_side": [
            {
              "access_point": [
                {
                  "account": true,
                  "gateway": [],
                  "interface": [],
                  "link_protocol": [],
                  "location": [
                    {
                      "ibx": true,
                      "metro_name": true,
                      "region": true
                    }
                  ],
                  "network": [],
                  "port": [],
                  "profile": [
                    {
                      "access_point_type_configs": true,
                      "description": true,
                      "href": true,
                      "name": true
                    }
                  ],
                  "provider_connection_id": true,
                  "router": [],
                  "virtual_device": []
                }
              ],
              "additional_info": [],
              "service_token": []
            }
          ]
        },
        "before_sensitive": false,
        "after_sensitive": {
          "a_side": [
            {
              "access_point": [
                {
                  "account": [],
                  "gateway": [],
                  "interface": [],
                  "link_protocol": [
                    {}
                  ],
                  "location": [],
                  "network": [],
                  "port": [
                    {
                      "redundancy": []
                    }
                  ],
                  "profile": [],
                  "router": [],
                  "virtual_device": []
                }
              ],
              "additional_info": [],
              "service_token": []
            }
          ],
          "account": [],
          "additional_info": [
            {},
            {}
          ],
          "change_log": [],
          "notifications": [
            {
              "emails": [
                false
              ]
            }
          ],
          "operation": [],
          "order": [
            {}
          ],
          "project": [],
          "redundancy": [
            {}
          ],
          "z_side": [
            {
              "access_point": [
                {
                  "account": [],
                  "gateway": [],
                  "interface": [],
                  "link_protocol": [],
                  "location": [
                    {}
                  ],
                  "network": [],
                  "port": [],
                  "profile": [
                    {
                      "access_point_type_configs": []
                    }
                  ],
                  "router": [],
                  "virtual_device": []
                }
              ],
              "additional_info": [],
              "service_token": []
            }
          ]
        }
      }
    },
    {
      "address": "equinix_fabric_connection.vd_fr_evplan_emea",
      "mode": "managed",
      "type": "equinix_fabric_connection",
      "name": "vd_fr_evplan_emea",
      "provider_name": "registry.terraform.io/equinix/equinix",
      "change": {
        "actions": [
          "create"
        ],
        "before": null,
        "after": {
          "a_side": [
            {
              "access_point": [
                {
                  "authentication_key": "",
                  "gateway": [],
                  "interface": [
                    {
                      "id": 7,
                      "type": "NETWORK",
                      "uuid": ""
                    }
                  ],
                  "link_protocol": [],
                  "network": [],
                  "peering_type": "",
                  "port": [],
                  "profile": [],
                  "router": [],
                  "seller_region": "",
                  "type": "VD",
                  "virtual_device": [
                    {
                      "name": "",
                      "type": "EDGE",
                      "uuid": "e7838605-de1f-4ee5-8e2c-082e6d853764"
                    }
                  ]
                }
              ],
              "additional_info": [],
              "service_token": []
            }
          ],
          "additional_info": null,
          "bandwidth": 50,
          "description": null,
          "name": "FR-VD-FR-Port",
          "notifications": [
            {
              "emails": [
                "someone@domain.com"
              ],
              "send_interval": null,
              "type": "ALL"
            }
          ],
          "order": [
            {
              "purchase_order_number": "1-323292",
              "term_length": 1
            }
          ],
          "redundancy": [],
          "timeouts": null,
          "type": "EVPL_VC",
          "z_side": [
            {
              "access_point": [
                {
                  "authentication_key": "",
                  "gateway": [],
                  "interface": [],
                  "link_protocol": [],
                  "network": [
                    {}
                  ],
                  "peering_type": "",
                  "port": [],
                  "profile": [],
                  "router": [],
                  "seller_region": "",
                  "type": "NETWORK",
                  "virtual_device": []
                }
              ],
              "additional_info": [],
              "service_token": []
            }
          ]
        },
        "after_unknown": {
          "a_side": [
            {
              "access_point": [
                {
                  "account": true,
                  "gateway": [],
                  "interface": [
                    {}
                  ],
                  "link_protocol": [],
                  "location": true,
                  "network": [],
                  "port": [],
                  "profile": [],
                  "provider_connection_id": true,
                  "router": [],
                  "virtual_device": [
                    {
                      "href": true
                    }
                  ]
                }
              ],
              "additional_info": [],
              "service_token": []
            }
          ],
          "account": true,
          "change_log": true,
          "direction": true,
          "href": true,
          "id": true,
          "is_remote": true,
          "notifications": [
            {
              "emails": [
                false
              ]
            }
          ],
          "operation": true,
          "order": [
            {
              "billing_tier": true,
              "order_id": true,
              "order_number": true
            }
          ],
          "project": true,
          "redundancy": [],
          "state": true,
          "uuid": true,
          "z_side": [
            {
              "access_point": [
                {
                  "account": true,
                  "gateway": [],
                  "interface": [],
                  "link_protocol": [],
                  "location": true,
                  "network": [
                    {
                      "href": true,
                      "uuid": true
                    }
                  ],
                  "port": [],
                  "profile": [],
                  "provider_connection_id": true,
                  "router": [],
                  "virtual_device": []
                }
              ],
              "additional_info": [],
              "service_token": []
            }
          ]
        },
        "before_sensitive": false,
        "after_sensitive": {
          "a_side": [
            {
              "access_point": [
                {
                  "account": [],
                  "gateway": [],
                  "interface": [
                    {}
                  ],
                  "link_protocol": [],
                  "location": [],
                  "network": [],
                  "port": [],
                  "profile": [],
                  "router": [],
                  "virtual_device": [
                    {}
                  ]
                }
              ],
              "additional_info": [],
              "service_token": []
            }
          ],
          "account": [],
          "change_log": [],
          "notifications": [
            {
              "emails": [
                false
              ]
            }
          ],
          "operation": [],
          "order": [
            {}
          ],
          "project": [],
          "redundancy": [],
          "z_side": [
            {
              "access_point": [
                {
                  "account": [],
                  "gateway": [],
                  "interface": [],
                  "link_protocol": [],
                  "location": [],
                  "network": [
                    {}
                  ],
                  "port": [],
                  "profile": [],
                  "router": [],
                  "virtual_device": []
                }
              ],
              "additional_info": [],
              "service_token": []
            }
          ]
        }
      }
    },
    {
      "address": "equinix_fabric_connection.vd_fr_port_fr",
      "mode": "managed",
      "type": "equinix_fabric_connection",
      "name": "vd_fr_port_fr",
      "provider_name": "registry.terraform.io/equinix/equinix",
      "change": {
        "actions": [
          "create"
        ],
        "before": null,
        "after": {
          "a_side": [
            {
              "access_point": [
                {
                  "authentication_key": "",
                  "gateway": [],
                  "interface": [
                    {
                      "id": 7,
                      "type": "NETWORK",
                      "uuid": ""
                    }
                  ],
                  "link_protocol": [],
                  "network": [],
                  "peering_type": "",
                  "port": [],
                  "profile": [],
                  "router": [],
                  "seller_region": "",
                  "type": "VD",
                  "virtual_device": [
                    {
                      "name": "",
                      "type": "EDGE",
                      "uuid": "e7838605-de1f-4ee5-8e2c-082e6d853764"
                    }
                  ]
                }
              ],
              "additional_info": [],
              "service_token": []
            }
          ],
          "additional_info": null,
          "bandwidth": 50,
          "description": null,
          "name": "FR-VD-FR-Port",
          "notifications": [
            {
              "emails": [
                "someone@domain.com"
              ],
              "send_interval": null,
              "type": "ALL"
            }
          ],
          "order": [
            {
              "purchase_order_number": "1-323292",
              "term_length": 1
            }
          ],
          "redundancy": [],
          "timeouts": null,
          "type": "EVPL_VC",
          "z_side": [
            {
              "access_point": [
                {
                  "authentication_key": "",
                  "gateway": [],
                  "interface": [],
                  "link_protocol": [
                    {
                      "type": "DOT1Q",
                      "vlan_s_tag": 200
                    }
                  ],
                  "network": [],
                  "peering_type": "",
                  "port": [
                    {
                      "uuid": "924ac976-a879-8791-2be0-3eea8c00a394"
                    }
                  ],
                  "profile": [],
                  "router": [],
                  "seller_region": "",
                  "type": "COLO",
                  "virtual_device": []
                }
              ],
              "additional_info": [],
              "service_token": []
            }
          ]
        },
        "after_unknown": {
          "a_side": [
            {
              "access_point": [
                {
                  "account": true,
                  "gateway": [],
                  "interface": [
                    {}
                  ],
                  "link_protocol": [],
                  "location": true,
                  "network": [],
                  "port": [],
                  "profile": [],
                  "provider_connection_id": true,
                  "router": [],
                  "virtual_device": [
                    {
                      "href": true
                    }
                  ]
                }
              ],
              "additional_info": [],
              "service_token": []
            }
          ],
          "account": true,
          "change_log": true,
          "direction": true,
          "href": true,
          "id": true,
          "is_remote": true,
          "notifications": [
            {
              "emails": [
                false
              ]
            }
          ],
          "operation": true,
          "order": [
            {
              "billing_tier": true,
              "order_id": true,
              "order_number": true
            }
          ],
          "project": true,
          "redundancy": [],
          "state": true,
          "uuid": true,
          "z_side": [
            {
              "access_point": [
                {
                  "account": true,
                  "gateway": [],
                  "interface": [],
                  "link_protocol": [
                    {
                      "vlan_c_tag": true,
                      "vlan_tag": true
                    }
                  ],
                  "location": true,
                  "network": [],
                  "port": [
                    {
                      "href": true,
                      "name": true,
                      "redundancy": true
                    }
                  ],
                  "profile": [],
                  "provider_connection_id": true,
                  "router": [],
                  "virtual_device": []
                }
              ],
              "additional_info": [],
              "service_token": []
            }
          ]
        },
        "before_sensitive": false,
        "after_sensitive": {
          "a_side": [
            {
              "access_point": [
                {
                  "account": [],
                  "gateway": [],
                  "interface": [
                    {}
                  ],
                  "link_protocol": [],
                  "location": [],
                  "network": [],
                  "port": [],
                  "profile": [],
                  "router": [],
                  "virtual_device": [
                    {}
                  ]
                }
              ],
              "additional_info": [],
              "service_token": []
            }
          ],
          "account": [],
          "change_log": [],
          "notifications": [
            {
              "emails": [
                false
              ]
            }
          ],
          "operation": [],
          "order": [
            {}
          ],
          "project": [],
          "redundancy": [],
          "z_side": [
            {
              "access_point": [
                {
                  "account": [],
                  "gateway": [],
                  "interface": [],
                  "link_protocol": [
                    {}
                  ],
                  "location": [],
                  "network": [],
                  "port": [
                    {
                      "redundancy": []
                    }
                  ],
                  "profile": [],
                  "router": [],
                  "virtual_device": []
                }
              ],
              "additional_info": [],
              "service_token": []
            }
          ]
        }
      }
    },
    {
      "address": "equinix_fabric_connection.vd_fr_sp_fr",
      "mode": "managed",
      "type": "equinix_fabric_connection",
      "name": "vd_fr_sp_fr",
      "provider_name": "registry.terraform.io/equinix/equinix",
      "change": {
        "actions": [
          "create"
        ],
        "before": null,
        "after": {
          "a_side": [
            {
              "access_point": [
                {
                  "authentication_key": "",
                  "gateway": [],
                  "interface": [
                    {
                      "id": 7,
                      "type": "NETWORK",
                      "uuid": ""
                    }
                  ],
                  "link_protocol": [],
                  "network": [],
                  "peering_type": "",
                  "port": [],
                  "profile": [],
                  "router": [],
                  "seller_region": "",
                  "type": "VD",
                  "virtual_device": [
                    {
                      "name": "",
                      "type": "EDGE",
                      "uuid": "e7838605-de1f-4ee5-8e2c-082e6d853764"
                    }
                  ]
                }
              ],
              "additional_info": [],
              "service_token": []
            }
          ],
          "additional_info": null,
          "bandwidth": 50,
          "description": null,
          "name": "FR-VD-FR-Port",
          "notifications": [
            {
              "emails": [
                "someone@domain.com"
              ],
              "send_interval": null,
              "type": "ALL"
            }
          ],
          "order": [
            {
              "purchase_order_number": "1-323292",
              "term_length": 1
            }
          ],
          "redundancy": [],
          "timeouts": null,
          "type": "EVPL_VC",
          "z_side": [
            {
              "access_point": [
                {
                  "authentication_key": "<aws_account_id>",
                  "gateway": [],
                  "interface": [],
                  "link_protocol": [],
                  "location": [
                    {
                      "metro_code": "FR"
                    }
                  ],
                  "network": [],
                  "peering_type": "",
                  "port": [],
                  "profile": [
                    {
                      "type": "L2_PROFILE",
                      "uuid": "69ee618d-be52-468d-bc99-00566f2dd2b9"
                    }
                  ],
                  "router": [],
                  "seller_region": "eu-central-1",
                  "type": "SP",
                  "virtual_device": []
                }
              ],
              "additional_info": [],
              "service_token": []
            }
          ]
        },
        "after_unknown": {
          "a_side": [
            {
              "access_point": [
                {
                  "account": true,
                  "gateway": [],
                  "interface": [
                    {}
                  ],
                  "link_protocol": [],
                  "location": true,
                  "network": [],
                  "port": [],
                  "profile": [],
                  "provider_connection_id": true,
                  "router": [],
                  "virtual_device": [
                    {
                      "href": true
                    }
                  ]
                }
              ],
              "additional_info": [],
              "service_token": []
            }
          ],
          "account": true,
          "change_log": true,
          "direction": true,
          "href": true,
          "id": true,
          "is_remote": true,
          "notifications": [
            {
              "emails": [
                false
              ]
            }
          ],
          "operation": true,
          "order": [
            {
              "billing_tier": true,
              "order_id": true,
              "order_number": true
            }
          ],
          "project": true,
          "redundancy": [],
          "state": true,
          "uuid": true,
          "z_side": [
            {
              "access_point": [
                {
                  "account": true,
                  "gateway": [],
                  "interface": [],
                  "link_protocol": [],
                  "location": [
                    {
                      "ibx": true,
                      "metro_name": true,
                      "region": true
                    }
                  ],
                  "network": [],
                  "port": [],
                  "profile": [
                    {
                      "access_point_type_configs": true,
                      "description": true,
                      "href": true,
                      "name": true
                    }
                  ],
                  "provider_connection_id": true,
                  "router": [],
                  "virtual_device": []
                }
              ],
              "additional_info": [],
              "service_token": []
            }
          ]
        },
        "before_sensitive": false,
        "after_sensitive": {
          "a_side": [
            {
              "access_point": [
                {
                  "account": [],
                  "gateway": [],
                  "interface": [
                    {}
                  ],
                  "link_protocol": [],
                  "location": [],
                  "network": [],
                  "port": [],
                  "profile": [],
                  "router": [],
                  "virtual_device": [
                    {}
                  ]
                }
              ],
              "additional_info": [],
              "service_token": []
            }
          ],
          "account": [],
          "change_log": [],
          "notifications": [
            {
              "emails": [
                false
              ]
            }
          ],
          "operation": [],
          "order": [
            {}
          ],
          "project": [],
          "redundancy": [],
          "z_side": [
            {
              "access_point": [
                {
                  "account": [],
                  "gateway": [],
                  "interface": [],
                  "link_protocol": [],
                  "location": [
                    {}
                  ],
                  "network": [],
                  "port": [],
                  "profile": [
                    {
                      "access_point_type_configs": []
                    }
                  ],
                  "router": [],
                  "virtual_device": []
                }
              ],
              "additional_info": [],
              "service_token": []
            }
          ]
        }
      }
    },
    {
      "address": "equinix_fabric_network.evplan_emea",
      "mode": "managed",
      "type": "equinix_fabric_network",
      "name": "evplan_emea",
      "provider_name": "registry.terraform.io/equinix/equinix",
      "change": {
        "actions": [
          "create"
        ],
        "before": null,
        "after": {
          "name": "REGIONAL-EVPLAN-EMEA",
          "notifications": [
            {
              "emails": [
                "someone@domain.com"
              ],
              "send_interval": null,
              "type": "ALL"
            }
          ],
          "project": [
            {
              "project_id": "e6be59d9-62c0-4140-aad6-150f0700203c"
            }
          ],
          "scope": "REGIONAL",
          "timeouts": null,
          "type": "EVPLAN"
        },
        "after_unknown": {
          "change": true,
          "change_log": true,
          "connections_count": true,
          "href": true,
          "id": true,
          "location": true,
          "notifications": [
            {
              "emails": [
                false
              ]
            }
          ],
          "operation": true,
          "project": [
            {}
          ],
          "state": true,
          "uuid": true
        },
        "before_sensitive": false,
        "after_sensitive": {
          "change": [],
          "change_log": [],
          "location": [],
          "notifications": [
            {
              "emails": [
                false
              ]
            }
          ],
          "operation": [],
          "project": [
            {}
          ]
        }
      }
    },
    {
      "address": "equinix_fabric_network.ip_wan_emea",
      "mode": "managed",
      "type": "equinix_fabric_network",
      "name": "ip_wan_emea",
      "provider_name": "registry.terraform.io/equinix/equinix",
      "change": {
        "actions": [
          "create"
        ],
        "before": null,
        "after": {
          "name": "IP-WAN-EMEA",
          "notifications": [
            {
              "emails": [
                "someone@domain.com"
              ],
              "send_interval": null,
              "type": "ALL"
            }
          ],
          "project": [
            {
              "project_id": "e6be59d9-62c0-4140-aad6-150f0700203c"
            }
          ],
          "scope": "REGIONAL",
          "timeouts": null,
          "type": "IPWAN"
        },
        "after_unknown": {
          "change": true,
          "change_log": true,
          "connections_count": true,
          "href": true,
          "id": true,
          "location": true,
          "notifications": [
            {
              "emails": [
                false
              ]
            }
          ],
          "operation": true,
          "project": [
            {}
          ],
          "state": true,
          "uuid": true
        },
        "before_sensitive": false,
        "after_sensitive": {
          "change": [],
          "change_log": [],
          "location": [],
          "notifications": [
            {
              "emails": [
                false
              ]
            }
          ],
          "operation": [],
          "project": [
            {}
          ]
        }
      }
    },
    {
      "address": "equinix_network_acl_template.new_acl",
      "mode": "managed",
      "type": "equinix_network_acl_template",
      "name": "new_acl",
      "provider_name": "registry.terraform.io/equinix/equinix",
      "change": {
        "actions": [
          "create"
        ],
        "before": null,
        "after": {
          "description": "Dummy ACL template",
          "inbound_rule": [
            {
              "description": "inbound rule description",
              "dst_port": "any",
              "protocol": "IP",
              "src_port": "any",
              "subnet": "0.0.0.0/0",
              "subnets": null
            },
            {
              "description": null,
              "dst_port": "any",
              "protocol": "UDP",
              "src_port": "any",
              "subnet": "0.0.0.0/0",
              "subnets": null
            }
          ],
          "metro_code": null,
          "name": "NACL for project CLoudQuote",
          "project_id": "e6be59d9-62c0-4140-aad6-150f0700203c"
        },
        "after_unknown": {
          "device_acl_status": true,
          "device_details": true,
          "device_id": true,
          "id": true,
          "inbound_rule": [
            {
              "sequence_number": true,
              "source_type": true
            },
            {
              "sequence_number": true,
              "source_type": true
            }
          ],
          "uuid": true
        },
        "before_sensitive": false,
        "after_sensitive": {
          "device_details": [],
          "inbound_rule": [
            {},
            {}
          ]
        }
      }
    },
    {
      "address": "equinix_network_device.c8kv-redundant",
      "mode": "managed",
      "type": "equinix_network_device",
      "name": "c8kv-redundant",
      "provider_name": "registry.terraform.io/equinix/equinix",
      "change": {
        "actions": [
          "create"
        ],
        "before": null,
        "after": {
          "account_number": "133899",
          "byol": true,
          "cloud_init_file_id": null,
          "cluster_details": [],
          "connectivity": "INTERNET-ACCESS",
          "core_count": 2,
          "generate_default_password": true,
          "hostname": "rtr-fr-prim",
          "license_file": null,
          "license_token": null,
          "metro_code": "FR",
          "mgmt_acl_template_uuid": null,
          "name": "tf-c8kv-prim",
          "notifications": [
            "someone@domain.com"
          ],
          "order_reference": null,
          "package_code": "network-essentials",
          "purchase_order_number": null,
          "secondary_device": [
            {
              "account_number": "127154",
              "acl_template_id": null,
              "cloud_init_file_id": null,
              "hostname": "rtr-am-sec",
              "license_file": null,
              "license_token": null,
              "metro_code": "AM",
              "mgmt_acl_template_uuid": null,
              "name": "tf-c8kv-sec",
              "notifications": [
                "someone@domain.com"
              ],
              "ssh_key": [],
              "wan_interface_id": null
            }
          ],
          "self_managed": true,
          "ssh_key": [
            {
              "key_name": "valid-key-name",
              "username": "test-username"
            }
          ],
          "term_length": 1,
          "throughput": null,
          "throughput_unit": null,
          "timeouts": null,
          "type_code": "C8000V",
          "version": "17.06.01a",
          "wan_interface_id": null
        },
        "after_unknown": {
          "acl_template_id": true,
          "additional_bandwidth": true,
          "asn": true,
          "cluster_details": [],
          "diverse_device_id": true,
          "diverse_device_name": true,
          "ibx": true,
          "id": true,
          "interface": true,
          "interface_count": true,
          "license_file_id": true,
          "license_status": true,
          "notifications": [
            false
          ],
          "project_id": true,
          "redundancy_type": true,
          "redundant_id": true,
          "region": true,
          "secondary_device": [
            {
              "additional_bandwidth": true,
              "asn": true,
              "ibx": true,
              "interface": true,
              "license_file_id": true,
              "license_status": true,
              "notifications": [
                false
              ],
              "project_id": true,
              "redundancy_type": true,
              "redundant_id": true,
              "region": true,
              "ssh_ip_address": true,
              "ssh_ip_fqdn": true,
              "ssh_key": [],
              "status": true,
              "uuid": true,
              "vendor_configuration": true,
              "zone_code": true
            }
          ],
          "ssh_ip_address": true,
          "ssh_ip_fqdn": true,
          "ssh_key": [
            {}
          ],
          "status": true,
          "tier": true,
          "uuid": true,
          "vendor_configuration": true,
          "zone_code": true
        },
        "before_sensitive": false,
        "after_sensitive": {
          "cluster_details": [],
          "interface": [],
          "notifications": [
            false
          ],
          "secondary_device": [
            {
              "interface": [],
              "notifications": [
                false
              ],
              "ssh_key": [],
              "vendor_configuration": {}
            }
          ],
          "ssh_key": [
            {}
          ],
          "vendor_configuration": {}
        }
      }
    }
  ],
  "configuration": {
    "provider_config": {
      "equinix": {
        "name": "equinix",
        "full_name": "registry.terraform.io/equinix/equinix",
        "version_constraint": "3.10.0",
        "expressions": {
          "client_id": {
            "references": [
              "var.client_id"
            ]
          },
          "client_secret": {
            "references": [
              "var.client_secret"
            ]
          }
        }
      }
    },
    "root_module": {
      "resources": [
        { "address": "equinix_fabric_cloud_router.fcr_am",
          "mode": "managed",
          "type": "equinix_fabric_cloud_router",
          "name": "fcr_am",
          "provider_config_key": "equinix",
          "expressions": {
            "account": [
              {
                "account_number": {
                  "references": [
                    "var.metro_map.AM.cba_nr",
                    "var.metro_map.AM",
                    "var.metro_map"
                  ]
                }
              }
            ],
            "location": [
              {
                "metro_code": {
                  "constant_value": "AM"
                }
              }
            ],
            "name": {
              "constant_value": "Router-AM"
            },
            "notifications": [
              {
                "emails": {
                  "references": [
                    "var.emails"
                  ]
                },
                "type": {
                  "constant_value": "ALL"
                }
              }
            ],
            "order": [
              {
                "purchase_order_number": {
                  "constant_value": ""
                }
              }
            ],
            "package": [
              {
                "code": {
                  "constant_value": "STANDARD"
                }
              }
            ],
            "project": [
              {
                "project_id": {
                  "references": [
                    "var.project_id"
                  ]
                }
              }
            ],
            "type": {
              "constant_value": "XF_ROUTER"
            }
          },
          "schema_version": 0
        },
        { "address": "equinix_fabric_cloud_router.fcr_fr",
          "mode": "managed",
          "type": "equinix_fabric_cloud_router",
          "name": "fcr_fr",
          "provider_config_key": "equinix",
          "expressions": {
            "account": [
              {
                "account_number": {
                  "references": [
                    "var.metro_map.FR.cba_nr",
                    "var.metro_map.FR",
                    "var.metro_map"
                  ]
                }
              }
            ],
            "location": [
              {
                "metro_code": {
                  "references": [
                    "var.metro_map.FR.code",
                    "var.metro_map.FR",
                    "var.metro_map"
                  ]
                }
              }
            ],
            "name": {
              "constant_value": "Router-FR"
            },
            "notifications": [
              {
                "emails": {
                  "references": [
                    "var.emails"
                  ]
                },
                "type": {
                  "constant_value": "ALL"
                }
              }
            ],
            "order": [
              {
                "purchase_order_number": {
                  "constant_value": ""
                },
                "term_length": {
                  "constant_value": 12
                }
              }
            ],
            "package": [
              {
                "code": {
                  "constant_value": "STANDARD"
                }
              }
            ],
            "project": [
              {
                "project_id": {
                  "references": [
                    "var.project_id"
                  ]
                }
              }
            ],
            "type": {
              "constant_value": "XF_ROUTER"
            }
          },
          "schema_version": 0
        },
        { "address": "equinix_fabric_connection.fcr_am_ipwan_emea",
          "mode": "managed",
          "type": "equinix_fabric_connection",
          "name": "fcr_am_ipwan_emea",
          "provider_config_key": "equinix",
          "expressions": {
            "a_side": [
              {
                "access_point": [
                  {
                    "router": [
                      {
                        "uuid": {
                          "constant_value": "e27dd359-2a94-4c3d-9dbf-759e6cf24dd7"
                        }
                      }
                    ],
                    "type": {
                      "constant_value": "CLOUD_ROUTER"
                    }
                  }
                ]
              }
            ],
            "bandwidth": {
              "references": [
                "var.bandwidth"
              ]
            },
            "name": {
              "constant_value": "fcr-am-ipwan-emea"
            },
            "notifications": [
              {
                "emails": {
                  "references": [
                    "var.emails"
                  ]
                },
                "type": {
                  "constant_value": "ALL"
                }
              }
            ],
            "order": [
              {
                "purchase_order_number": {
                  "constant_value": ""
                }
              }
            ],
            "type": {
              "constant_value": "IPWAN_VC"
            },
            "z_side": [
              {
                "access_point": [
                  {
                    "network": [
                      {
                        "uuid": {
                          "constant_value": "20fcdd6b-fb4d-457e-8714-9519335ef50a"
                        }
                      }
                    ],
                    "type": {
                      "constant_value": "NETWORK"
                    }
                  }
                ]
              }
            ]
          },
          "schema_version": 0
        },
        { "address": "equinix_fabric_connection.fcr_am_vd_am",
          "mode": "managed",
          "type": "equinix_fabric_connection",
          "name": "fcr_am_vd_am",
          "provider_config_key": "equinix",
          "expressions": {
            "a_side": [
              {
                "access_point": [
                  {
                    "router": [
                      {
                        "uuid": {
                          "references": [
                            "equinix_fabric_cloud_router.fcr_am.uuid",
                            "equinix_fabric_cloud_router.fcr_am"
                          ]
                        }
                      }
                    ],
                    "type": {
                      "constant_value": "CLOUD_ROUTER"
                    }
                  }
                ]
              }
            ],
            "bandwidth": {
              "constant_value": 50
            },
            "name": {
              "constant_value": "FCR AM > sec VD AM"
            },
            "notifications": [
              {
                "emails": {
                  "references": [
                    "var.emails"
                  ]
                },
                "type": {
                  "constant_value": "ALL"
                }
              }
            ],
            "order": [
              {
                "purchase_order_number": {
                  "constant_value": ""
                }
              }
            ],
            "type": {
              "constant_value": "IP_VC"
            },
            "z_side": [
              {
                "access_point": [
                  {
                    "interface": [
                      {
                        "id": {
                          "constant_value": 8
                        },
                        "type": {
                          "constant_value": "CLOUD"
                        }
                      }
                    ],
                    "link_protocol": [
                      {
                        "type": {
                          "constant_value": "DOT1Q"
                        },
                        "vlan_tag": {
                          "constant_value": "200"
                        }
                      }
                    ],
                    "type": {
                      "constant_value": "VD"
                    },
                    "virtual_device": [
                      {
                        "type": {
                          "constant_value": "EDGE"
                        },
                        "uuid": {
                          "references": [
                            "equinix_network_device.c8kv-redundant.secondary_device[0].uuid",
                            "equinix_network_device.c8kv-redundant.secondary_device[0]",
                            "equinix_network_device.c8kv-redundant.secondary_device",
                            "equinix_network_device.c8kv-redundant"
                          ]
                        }
                      }
                    ]
                  }
                ]
              }
            ]
          },
          "schema_version": 0
        },
        { "address": "equinix_fabric_connection.fcr_fr_ipwan_emea",
          "mode": "managed",
          "type": "equinix_fabric_connection",
          "name": "fcr_fr_ipwan_emea",
          "provider_config_key": "equinix",
          "expressions": {
            "a_side": [
              {
                "access_point": [
                  {
                    "router": [
                      {
                        "uuid": {
                          "references": [
                            "equinix_fabric_cloud_router.fcr_fr.uuid",
                            "equinix_fabric_cloud_router.fcr_fr"
                          ]
                        }
                      }
                    ],
                    "type": {
                      "constant_value": "CLOUD_ROUTER"
                    }
                  }
                ]
              }
            ],
            "bandwidth": {
              "constant_value": 50
            },
            "name": {
              "constant_value": "fcr-fr-ipwan-emea"
            },
            "notifications": [
              {
                "emails": {
                  "references": [
                    "var.emails"
                  ]
                },
                "type": {
                  "constant_value": "ALL"
                }
              }
            ],
            "order": [
              {
                "purchase_order_number": {
                  "constant_value": ""
                }
              }
            ],
            "type": {
              "constant_value": "IPWAN_VC"
            },
            "z_side": [
              {
                "access_point": [
                  {
                    "network": [
                      {
                        "uuid": {
                          "references": [
                            "equinix_fabric_network.ip_wan_emea.uuid",
                            "equinix_fabric_network.ip_wan_emea"
                          ]
                        }
                      }
                    ],
                    "type": {
                      "constant_value": "NETWORK"
                    }
                  }
                ]
              }
            ]
          },
          "schema_version": 0
        },
        { "address": "equinix_fabric_connection.fcr_fr_port_fr_prim",
          "mode": "managed",
          "type": "equinix_fabric_connection",
          "name": "fcr_fr_port_fr_prim",
          "provider_config_key": "equinix",
          "expressions": {
            "a_side": [
              {
                "access_point": [
                  {
                    "router": [
                      {
                        "uuid": {
                          "references": [
                            "equinix_fabric_cloud_router.fcr_fr.uuid",
                            "equinix_fabric_cloud_router.fcr_fr"
                          ]
                        }
                      }
                    ],
                    "type": {
                      "constant_value": "CLOUD_ROUTER"
                    }
                  }
                ]
              }
            ],
            "bandwidth": {
              "constant_value": 50
            },
            "name": {
              "constant_value": "FCR > prim Port FR"
            },
            "notifications": [
              {
                "emails": {
                  "references": [
                    "var.emails"
                  ]
                },
                "type": {
                  "constant_value": "ALL"
                }
              }
            ],
            "order": [
              {
                "purchase_order_number": {
                  "constant_value": ""
                }
              }
            ],
            "type": {
              "constant_value": "IP_VC"
            },
            "z_side": [
              {
                "access_point": [
                  {
                    "link_protocol": [
                      {
                        "type": {
                          "constant_value": "DOT1Q"
                        },
                        "vlan_tag": {
                          "constant_value": "100"
                        }
                      }
                    ],
                    "location": [
                      {
                        "metro_code": {
                          "constant_value": "FR"
                        }
                      }
                    ],
                    "port": [
                      {
                        "uuid": {
                          "references": [
                            "var.ports.FR.prim[0]",
                            "var.ports.FR.prim",
                            "var.ports.FR",
                            "var.ports"
                          ]
                        }
                      }
                    ],
                    "type": {
                      "constant_value": "COLO"
                    }
                  }
                ]
              }
            ]
          },
          "schema_version": 0
        },
        { "address": "equinix_fabric_connection.fcr_fr_port_fr_sec",
          "mode": "managed",
          "type": "equinix_fabric_connection",
          "name": "fcr_fr_port_fr_sec",
          "provider_config_key": "equinix",
          "expressions": {
            "a_side": [
              {
                "access_point": [
                  {
                    "router": [
                      {
                        "uuid": {
                          "references": [
                            "equinix_fabric_cloud_router.fcr_fr.uuid",
                            "equinix_fabric_cloud_router.fcr_fr"
                          ]
                        }
                      }
                    ],
                    "type": {
                      "constant_value": "CLOUD_ROUTER"
                    }
                  }
                ]
              }
            ],
            "bandwidth": {
              "constant_value": 50
            },
            "name": {
              "constant_value": "FCR > sec Port FR"
            },
            "notifications": [
              {
                "emails": {
                  "references": [
                    "var.emails"
                  ]
                },
                "type": {
                  "constant_value": "ALL"
                }
              }
            ],
            "order": [
              {
                "purchase_order_number": {
                  "constant_value": ""
                }
              }
            ],
            "type": {
              "constant_value": "IP_VC"
            },
            "z_side": [
              {
                "access_point": [
                  {
                    "link_protocol": [
                      {
                        "type": {
                          "constant_value": "DOT1Q"
                        },
                        "vlan_tag": {
                          "constant_value": "100"
                        }
                      }
                    ],
                    "location": [
                      {
                        "metro_code": {
                          "constant_value": "FR"
                        }
                      }
                    ],
                    "port": [
                      {
                        "uuid": {
                          "references": [
                            "var.ports.FR.sec[0]",
                            "var.ports.FR.sec",
                            "var.ports.FR",
                            "var.ports"
                          ]
                        }
                      }
                    ],
                    "type": {
                      "constant_value": "COLO"
                    }
                  }
                ]
              }
            ]
          },
          "schema_version": 0
        },
        { "address": "equinix_fabric_connection.fcr_fr_sp",
          "mode": "managed",
          "type": "equinix_fabric_connection",
          "name": "fcr_fr_sp",
          "provider_config_key": "equinix",
          "expressions": {
            "a_side": [
              {
                "access_point": [
                  {
                    "router": [
                      {
                        "uuid": {
                          "references": [
                            "equinix_fabric_cloud_router.fcr_fr.uuid",
                            "equinix_fabric_cloud_router.fcr_fr"
                          ]
                        }
                      }
                    ],
                    "type": {
                      "constant_value": "CLOUD_ROUTER"
                    }
                  }
                ]
              }
            ],
            "bandwidth": {
              "constant_value": 50
            },
            "name": {
              "constant_value": "FCR > sec Port FR"
            },
            "notifications": [
              {
                "emails": {
                  "references": [
                    "var.emails"
                  ]
                },
                "type": {
                  "constant_value": "ALL"
                }
              }
            ],
            "order": [
              {
                "purchase_order_number": {
                  "constant_value": ""
                }
              }
            ],
            "type": {
              "constant_value": "IP_VC"
            },
            "z_side": [
              {
                "access_point": [
                  {
                    "authentication_key": {
                      "constant_value": "<aws_account_id>"
                    },
                    "location": [
                      {
                        "metro_code": {
                          "references": [
                            "var.metro_map.FR.code",
                            "var.metro_map.FR",
                            "var.metro_map"
                          ]
                        }
                      }
                    ],
                    "profile": [
                      {
                        "type": {
                          "constant_value": "L2_PROFILE"
                        },
                        "uuid": {
                          "constant_value": "69ee618d-be52-468d-bc99-00566f2dd2b9"
                        }
                      }
                    ],
                    "seller_region": {
                      "constant_value": "eu-central-1"
                    },
                    "type": {
                      "constant_value": "SP"
                    }
                  }
                ]
              }
            ]
          },
          "schema_version": 0
        },
        { "address": "equinix_fabric_connection.fcr_fr_vd_fr",
          "mode": "managed",
          "type": "equinix_fabric_connection",
          "name": "fcr_fr_vd_fr",
          "provider_config_key": "equinix",
          "expressions": {
            "a_side": [
              {
                "access_point": [
                  {
                    "router": [
                      {
                        "uuid": {
                          "references": [
                            "equinix_fabric_cloud_router.fcr_fr.uuid",
                            "equinix_fabric_cloud_router.fcr_fr"
                          ]
                        }
                      }
                    ],
                    "type": {
                      "constant_value": "CLOUD_ROUTER"
                    }
                  }
                ]
              }
            ],
            "bandwidth": {
              "constant_value": 50
            },
            "name": {
              "constant_value": "FCR FR > VD FR"
            },
            "notifications": [
              {
                "emails": {
                  "references": [
                    "var.emails"
                  ]
                },
                "type": {
                  "constant_value": "ALL"
                }
              }
            ],
            "order": [
              {
                "purchase_order_number": {
                  "constant_value": ""
                }
              }
            ],
            "type": {
              "constant_value": "IP_VC"
            },
            "z_side": [
              {
                "access_point": [
                  {
                    "interface": [
                      {
                        "id": {
                          "constant_value": 8
                        },
                        "type": {
                          "constant_value": "CLOUD"
                        }
                      }
                    ],
                    "link_protocol": [
                      {
                        "type": {
                          "constant_value": "DOT1Q"
                        },
                        "vlan_tag": {
                          "constant_value": "100"
                        }
                      }
                    ],
                    "type": {
                      "constant_value": "VD"
                    },
                    "virtual_device": [
                      {
                        "type": {
                          "constant_value": "EDGE"
                        },
                        "uuid": {
                          "references": [
                            "var.devices.FR.prim[0]",
                            "var.devices.FR.prim",
                            "var.devices.FR",
                            "var.devices"
                          ]
                        }
                      }
                    ]
                  }
                ]
              }
            ]
          },
          "schema_version": 0
        },
        { "address": "equinix_fabric_connection.port_fr_evplan_emea",
          "mode": "managed",
          "type": "equinix_fabric_connection",
          "name": "port_fr_evplan_emea",
          "provider_config_key": "equinix",
          "expressions": {
            "a_side": [
              {
                "access_point": [
                  {
                    "port": [
                      {
                        "uuid": {
                          "references": [
                            "var.ports.FR.prim[0]",
                            "var.ports.FR.prim",
                            "var.ports.FR",
                            "var.ports"
                          ]
                        }
                      }
                    ],
                    "type": {
                      "constant_value": "COLO"
                    }
                  }
                ]
              }
            ],
            "bandwidth": {
              "constant_value": 500
            },
            "name": {
              "constant_value": "fcr-fr-ipwan-emea"
            },
            "notifications": [
              {
                "emails": {
                  "references": [
                    "var.emails"
                  ]
                },
                "type": {
                  "constant_value": "ALL"
                }
              }
            ],
            "order": [
              {
                "purchase_order_number": {
                  "constant_value": ""
                }
              }
            ],
            "type": {
              "constant_value": "EVPL_VC"
            },
            "z_side": [
              {
                "access_point": [
                  {
                    "network": [
                      {
                        "uuid": {
                          "references": [
                            "equinix_fabric_network.evplan_emea.uuid",
                            "equinix_fabric_network.evplan_emea"
                          ]
                        }
                      }
                    ],
                    "type": {
                      "constant_value": "NETWORK"
                    }
                  }
                ]
              }
            ]
          },
          "schema_version": 0
        },
        { "address": "equinix_fabric_connection.port_fr_port_fr",
          "mode": "managed",
          "type": "equinix_fabric_connection",
          "name": "port_fr_port_fr",
          "provider_config_key": "equinix",
          "expressions": {
            "a_side": [
              {
                "access_point": [
                  {
                    "link_protocol": [
                      {
                        "type": {
                          "constant_value": "DOT1Q"
                        },
                        "vlan_s_tag": {
                          "constant_value": "100"
                        }
                      }
                    ],
                    "port": [
                      {
                        "uuid": {
                          "references": [
                            "var.ports.FR.prim[0]",
                            "var.ports.FR.prim",
                            "var.ports.FR",
                            "var.ports"
                          ]
                        }
                      }
                    ],
                    "type": {
                      "constant_value": "COLO"
                    }
                  }
                ]
              }
            ],
            "bandwidth": {
              "constant_value": 50
            },
            "name": {
              "constant_value": "Port FR > Port FR"
            },
            "notifications": [
              {
                "emails": {
                  "references": [
                    "var.emails"
                  ]
                },
                "type": {
                  "constant_value": "ALL"
                }
              }
            ],
            "order": [
              {
                "purchase_order_number": {
                  "constant_value": ""
                }
              }
            ],
            "type": {
              "constant_value": "EVPL_VC"
            },
            "z_side": [
              {
                "access_point": [
                  {
                    "link_protocol": [
                      {
                        "type": {
                          "constant_value": "DOT1Q"
                        },
                        "vlan_s_tag": {
                          "constant_value": "100"
                        }
                      }
                    ],
                    "port": [
                      {
                        "uuid": {
                          "references": [
                            "var.ports.FR.sec[0]",
                            "var.ports.FR.sec",
                            "var.ports.FR",
                            "var.ports"
                          ]
                        }
                      }
                    ],
                    "type": {
                      "constant_value": "COLO"
                    }
                  }
                ]
              }
            ]
          },
          "schema_version": 0
        },
        { "address": "equinix_fabric_connection.port_fr_sp_fr",
          "mode": "managed",
          "type": "equinix_fabric_connection",
          "name": "port_fr_sp_fr",
          "provider_config_key": "equinix",
          "expressions": {
            "a_side": [
              {
                "access_point": [
                  {
                    "link_protocol": [
                      {
                        "type": {
                          "constant_value": "DOT1Q"
                        },
                        "vlan_s_tag": {
                          "constant_value": "105"
                        }
                      }
                    ],
                    "port": [
                      {
                        "uuid": {
                          "references": [
                            "var.ports.FR.prim[0]",
                            "var.ports.FR.prim",
                            "var.ports.FR",
                            "var.ports"
                          ]
                        }
                      }
                    ],
                    "type": {
                      "constant_value": "COLO"
                    }
                  }
                ]
              }
            ],
            "additional_info": {
              "constant_value": [
                {
                  "key": "accessKey",
                  "value": "<aws_access_key>"
                },
                {
                  "key": "secretKey",
                  "value": "<aws_secret_key>"
                }
              ]
            },
            "bandwidth": {
              "constant_value": 50
            },
            "name": {
              "constant_value": "FR-Port-FR-AWS-SP"
            },
            "notifications": [
              {
                "emails": {
                  "references": [
                    "var.emails"
                  ]
                },
                "type": {
                  "constant_value": "ALL"
                }
              }
            ],
            "order": [
              {
                "purchase_order_number": {
                  "constant_value": "1-323929"
                }
              }
            ],
            "redundancy": [
              {
                "priority": {
                  "constant_value": "PRIMARY"
                }
              }
            ],
            "type": {
              "constant_value": "EVPL_VC"
            },
            "z_side": [
              {
                "access_point": [
                  {
                    "authentication_key": {
                      "constant_value": "<aws_account_id>"
                    },
                    "location": [
                      {
                        "metro_code": {
                          "references": [
                            "var.metro_map.FR.code",
                            "var.metro_map.FR",
                            "var.metro_map"
                          ]
                        }
                      }
                    ],
                    "profile": [
                      {
                        "type": {
                          "constant_value": "L2_PROFILE"
                        },
                        "uuid": {
                          "constant_value": "69ee618d-be52-468d-bc99-00566f2dd2b9"
                        }
                      }
                    ],
                    "seller_region": {
                      "constant_value": "eu-central-1"
                    },
                    "type": {
                      "constant_value": "SP"
                    }
                  }
                ]
              }
            ]
          },
          "schema_version": 0
        },
        { "address": "equinix_fabric_connection.vd_fr_evplan_emea",
          "mode": "managed",
          "type": "equinix_fabric_connection",
          "name": "vd_fr_evplan_emea",
          "provider_config_key": "equinix",
          "expressions": {
            "a_side": [
              {
                "access_point": [
                  {
                    "interface": [
                      {
                        "id": {
                          "constant_value": 7
                        },
                        "type": {
                          "constant_value": "NETWORK"
                        }
                      }
                    ],
                    "type": {
                      "constant_value": "VD"
                    },
                    "virtual_device": [
                      {
                        "type": {
                          "constant_value": "EDGE"
                        },
                        "uuid": {
                          "references": [
                            "var.devices.FR.prim[0]",
                            "var.devices.FR.prim",
                            "var.devices.FR",
                            "var.devices"
                          ]
                        }
                      }
                    ]
                  }
                ]
              }
            ],
            "bandwidth": {
              "constant_value": 50
            },
            "name": {
              "constant_value": "FR-VD-FR-Port"
            },
            "notifications": [
              {
                "emails": {
                  "references": [
                    "var.emails"
                  ]
                },
                "type": {
                  "constant_value": "ALL"
                }
              }
            ],
            "order": [
              {
                "purchase_order_number": {
                  "constant_value": "1-323292"
                }
              }
            ],
            "type": {
              "constant_value": "EVPL_VC"
            },
            "z_side": [
              {
                "access_point": [
                  {
                    "network": [
                      {
                        "uuid": {
                          "references": [
                            "equinix_fabric_network.evplan_emea.uuid",
                            "equinix_fabric_network.evplan_emea"
                          ]
                        }
                      }
                    ],
                    "type": {
                      "constant_value": "NETWORK"
                    }
                  }
                ]
              }
            ]
          },
          "schema_version": 0
        },
        { "address": "equinix_fabric_connection.vd_fr_port_fr",
          "mode": "managed",
          "type": "equinix_fabric_connection",
          "name": "vd_fr_port_fr",
          "provider_config_key": "equinix",
          "expressions": {
            "a_side": [
              {
                "access_point": [
                  {
                    "interface": [
                      {
                        "id": {
                          "constant_value": 7
                        },
                        "type": {
                          "constant_value": "NETWORK"
                        }
                      }
                    ],
                    "type": {
                      "constant_value": "VD"
                    },
                    "virtual_device": [
                      {
                        "type": {
                          "constant_value": "EDGE"
                        },
                        "uuid": {
                          "references": [
                            "var.devices.FR.prim[0]",
                            "var.devices.FR.prim",
                            "var.devices.FR",
                            "var.devices"
                          ]
                        }
                      }
                    ]
                  }
                ]
              }
            ],
            "bandwidth": {
              "constant_value": 50
            },
            "name": {
              "constant_value": "FR-VD-FR-Port"
            },
            "notifications": [
              {
                "emails": {
                  "references": [
                    "var.emails"
                  ]
                },
                "type": {
                  "constant_value": "ALL"
                }
              }
            ],
            "order": [
              {
                "purchase_order_number": {
                  "constant_value": "1-323292"
                }
              }
            ],
            "type": {
              "constant_value": "EVPL_VC"
            },
            "z_side": [
              {
                "access_point": [
                  {
                    "link_protocol": [
                      {
                        "type": {
                          "constant_value": "DOT1Q"
                        },
                        "vlan_s_tag": {
                          "constant_value": "200"
                        }
                      }
                    ],
                    "port": [
                      {
                        "uuid": {
                          "references": [
                            "var.ports.FR.prim[0]",
                            "var.ports.FR.prim",
                            "var.ports.FR",
                            "var.ports"
                          ]
                        }
                      }
                    ],
                    "type": {
                      "constant_value": "COLO"
                    }
                  }
                ]
              }
            ]
          },
          "schema_version": 0
        },
        { "address": "equinix_fabric_connection.vd_fr_sp_fr",
          "mode": "managed",
          "type": "equinix_fabric_connection",
          "name": "vd_fr_sp_fr",
          "provider_config_key": "equinix",
          "expressions": {
            "a_side": [
              {
                "access_point": [
                  {
                    "interface": [
                      {
                        "id": {
                          "constant_value": 7
                        },
                        "type": {
                          "constant_value": "NETWORK"
                        }
                      }
                    ],
                    "type": {
                      "constant_value": "VD"
                    },
                    "virtual_device": [
                      {
                        "type": {
                          "constant_value": "EDGE"
                        },
                        "uuid": {
                          "references": [
                            "var.devices.FR.prim[0]",
                            "var.devices.FR.prim",
                            "var.devices.FR",
                            "var.devices"
                          ]
                        }
                      }
                    ]
                  }
                ]
              }
            ],
            "bandwidth": {
              "constant_value": 50
            },
            "name": {
              "constant_value": "FR-VD-FR-Port"
            },
            "notifications": [
              {
                "emails": {
                  "references": [
                    "var.emails"
                  ]
                },
                "type": {
                  "constant_value": "ALL"
                }
              }
            ],
            "order": [
              {
                "purchase_order_number": {
                  "constant_value": "1-323292"
                }
              }
            ],
            "type": {
              "constant_value": "EVPL_VC"
            },
            "z_side": [
              {
                "access_point": [
                  {
                    "authentication_key": {
                      "constant_value": "<aws_account_id>"
                    },
                    "location": [
                      {
                        "metro_code": {
                          "references": [
                            "var.metro_map.FR.code",
                            "var.metro_map.FR",
                            "var.metro_map"
                          ]
                        }
                      }
                    ],
                    "profile": [
                      {
                        "type": {
                          "constant_value": "L2_PROFILE"
                        },
                        "uuid": {
                          "constant_value": "69ee618d-be52-468d-bc99-00566f2dd2b9"
                        }
                      }
                    ],
                    "seller_region": {
                      "constant_value": "eu-central-1"
                    },
                    "type": {
                      "constant_value": "SP"
                    }
                  }
                ]
              }
            ]
          },
          "schema_version": 0
        },
        { "address": "equinix_fabric_network.evplan_emea",
          "mode": "managed",
          "type": "equinix_fabric_network",
          "name": "evplan_emea",
          "provider_config_key": "equinix",
          "expressions": {
            "name": {
              "constant_value": "REGIONAL-EVPLAN-EMEA"
            },
            "notifications": [
              {
                "emails": {
                  "references": [
                    "var.emails"
                  ]
                },
                "type": {
                  "constant_value": "ALL"
                }
              }
            ],
            "project": [
              {
                "project_id": {
                  "references": [
                    "var.project_id"
                  ]
                }
              }
            ],
            "scope": {
              "constant_value": "REGIONAL"
            },
            "type": {
              "constant_value": "EVPLAN"
            }
          },
          "schema_version": 0
        },
        { "address": "equinix_fabric_network.ip_wan_emea",
          "mode": "managed",
          "type": "equinix_fabric_network",
          "name": "ip_wan_emea",
          "provider_config_key": "equinix",
          "expressions": {
            "name": {
              "constant_value": "IP-WAN-EMEA"
            },
            "notifications": [
              {
                "emails": {
                  "references": [
                    "var.emails"
                  ]
                },
                "type": {
                  "constant_value": "ALL"
                }
              }
            ],
            "project": [
              {
                "project_id": {
                  "references": [
                    "var.project_id"
                  ]
                }
              }
            ],
            "scope": {
              "constant_value": "REGIONAL"
            },
            "type": {
              "constant_value": "IPWAN"
            }
          },
          "schema_version": 0
        },
        { "address": "equinix_network_acl_template.new_acl",
          "mode": "managed",
          "type": "equinix_network_acl_template",
          "name": "new_acl",
          "provider_config_key": "equinix",
          "expressions": {
            "description": {
              "constant_value": "Dummy ACL template"
            },
            "inbound_rule": [
              {
                "description": {
                  "constant_value": "inbound rule description"
                },
                "dst_port": {
                  "constant_value": "any"
                },
                "protocol": {
                  "constant_value": "IP"
                },
                "src_port": {
                  "constant_value": "any"
                },
                "subnet": {
                  "constant_value": "0.0.0.0/0"
                }
              },
              {
                "dst_port": {
                  "constant_value": "any"
                },
                "protocol": {
                  "constant_value": "UDP"
                },
                "src_port": {
                  "constant_value": "any"
                },
                "subnet": {
                  "constant_value": "0.0.0.0/0"
                }
              }
            ],
            "name": {
              "constant_value": "NACL for project CLoudQuote"
            },
            "project_id": {
              "references": [
                "var.project_id"
              ]
            }
          },
          "schema_version": 0
        },
        { "address": "equinix_network_device.c8kv-redundant",
          "mode": "managed",
          "type": "equinix_network_device",
          "name": "c8kv-redundant",
          "provider_config_key": "equinix",
          "expressions": {
            "account_number": {
              "references": [
                "var.metro_map.FR.cba_nr",
                "var.metro_map.FR",
                "var.metro_map"
              ]
            },
            "acl_template_id": {
              "references": [
                "equinix_network_acl_template.new_acl.id",
                "equinix_network_acl_template.new_acl"
              ]
            },
            "byol": {
              "constant_value": true
            },
            "core_count": {
              "constant_value": 2
            },
            "hostname": {
              "constant_value": "rtr-fr-prim"
            },
            "metro_code": {
              "constant_value": "FR"
            },
            "name": {
              "constant_value": "tf-c8kv-prim"
            },
            "notifications": {
              "references": [
                "var.emails"
              ]
            },
            "package_code": {
              "constant_value": "network-essentials"
            },
            "secondary_device": [
              {
                "account_number": {
                  "references": [
                    "var.metro_map.AM.cba_nr",
                    "var.metro_map.AM",
                    "var.metro_map"
                  ]
                },
                "hostname": {
                  "constant_value": "rtr-am-sec"
                },
                "metro_code": {
                  "constant_value": "AM"
                },
                "name": {
                  "constant_value": "tf-c8kv-sec"
                },
                "notifications": {
                  "references": [
                    "var.emails"
                  ]
                }
              }
            ],
            "self_managed": {
              "constant_value": true
            },
            "ssh_key": [
              {
                "key_name": {
                  "constant_value": "valid-key-name"
                },
                "username": {
                  "constant_value": "test-username"
                }
              }
            ],
            "term_length": {
              "constant_value": 1
            },
            "type_code": {
              "constant_value": "C8000V"
            },
            "version": {
              "constant_value": "17.06.01a"
            }
          },
          "schema_version": 0
        }
      ],
      "variables": {
        "bandwidth": {
          "default": 200,
          "description": "use for alternative bandwidth source"
        },
        "client_id": {
          "default": "",
          "description": "fabric client id for authentication",
          "sensitive": true
        },
        "client_secret": {
          "default": "",
          "description": "fabric client id for authentication",
          "sensitive": true
        },
        "devices": {
          "default": {
            "AM": {
              "prim": [
                ""
              ],
              "sec": [
                ""
              ]
            },
            "FR": {
              "prim": [
                "e7838605-de1f-4ee5-8e2c-082e6d853764"
              ],
              "sec": [
                ""
              ]
            },
            "LD": {
              "prim": [
                ""
              ],
              "sec": [
                ""
              ]
            },
            "MA": {
              "prim": [
                ""
              ],
              "sec": [
                ""
              ]
            },
            "PA": {
              "prim": [
                ""
              ],
              "sec": [
                ""
              ]
            }
          },
          "description": "list out existing virtual devices to be used with new infrastructure"
        },
        "emails": {
          "default": [
            "someone@domain.com"
          ],
          "description": "list of notification email recipients"
        },
        "metro_map": {
          "default": {
            "AM": {
              "cba_nr": "127154",
              "cba_type": "local",
              "country": "The Netherlands",
              "currency": "EUR",
              "metro_name": "Amsterdam",
              "region": "EMEA"
            },
            "BA": {
              "cba_nr": "330274",
              "cba_type": "local",
              "country": "Spain",
              "currency": "EUR",
              "metro_name": "Barcelona",
              "region": "EMEA"
            },
            "BX": {
              "cba_nr": "133724",
              "cba_type": "local",
              "country": "France",
              "currency": "EUR",
              "metro_name": "Bordeaux",
              "region": "EMEA"
            },
            "DB": {
              "cba_nr": "306247",
              "cba_type": "local",
              "country": "Ireland",
              "currency": "EUR",
              "metro_name": "Dublin",
              "region": "EMEA"
            },
            "FR": {
              "cba_nr": "133899",
              "cba_type": "local",
              "code": "FR",
              "country": "Germany",
              "currency": "EUR",
              "metro_name": "Frankfurt",
              "region": "EMEA"
            },
            "GV": {
              "cba_nr": "664689",
              "cba_type": "global",
              "country": "Switzerland",
              "currency": "CHF",
              "metro_name": "Geneva",
              "region": "EMEA"
            },
            "HH": {
              "cba_nr": "133899",
              "cba_type": "local",
              "country": "Germany",
              "currency": "EUR",
              "metro_name": "Hamburg",
              "region": "EMEA"
            },
            "IL": {
              "cba_nr": "310427",
              "cba_type": "local",
              "country": "Turkey",
              "currency": "USD",
              "metro_name": "Istanbul",
              "region": "EMEA"
            },
            "LD": {
              "cba_nr": "133721",
              "cba_type": "local",
              "country": "United Kingdom",
              "currency": "EUR",
              "metro_name": "London",
              "region": "EMEA"
            },
            "LS": {
              "cba_nr": "330124",
              "cba_type": "local",
              "country": "Portugal",
              "currency": "EUR",
              "metro_name": "Lison",
              "region": "EMEA"
            },
            "MA": {
              "cba_nr": "133721",
              "cba_type": "local",
              "country": "United Kingdom",
              "currency": "EUR",
              "metro_name": "Manchester",
              "region": "EMEA"
            },
            "MD": {
              "cba_nr": "330274",
              "cba_type": "local",
              "country": "Spain",
              "currency": "EUR",
              "metro_name": "Madrid",
              "region": "EMEA"
            },
            "ML": {
              "cba_nr": "133024",
              "cba_type": "local",
              "country": "Italy",
              "currency": "EUR",
              "metro_name": "Milan",
              "region": "EMEA"
            },
            "MU": {
              "cba_nr": "133899",
              "cba_type": "local",
              "country": "Germany",
              "currency": "EUR",
              "metro_name": "Munich",
              "region": "EMEA"
            },
            "PA": {
              "cba_nr": "133724",
              "cba_type": "local",
              "country": "France",
              "currency": "EUR",
              "metro_name": "Paris",
              "region": "EMEA"
            },
            "SO": {
              "cba_nr": "528841",
              "cba_type": "local",
              "country": "Bulgaria",
              "currency": "USD",
              "metro_name": "Sofia",
              "region": "EMEA"
            },
            "ZH": {
              "cba_nr": "664689",
              "cba_type": "global",
              "country": "Switzerland",
              "currency": "CHF",
              "metro_name": "Zurich",
              "region": "EMEA"
            }
          },
          "description": "map metro codes to countries"
        },
        "ports": {
          "default": {
            "AM": {
              "name_prim": "EQX-TESTPOINT-AM3-CX-PRI-01",
              "nme_sec": "EQX-TESTPOINT-AM3-CX-SEC-01",
              "prim": [
                "66284add-86d3-6d30-b4e0-30ac094f8af1"
              ],
              "sec": [
                "66284add-99eb-9eb0-b4e0-30ac094f8af1"
              ]
            },
            "FR": {
              "name_prim": "EQX-TESTPOINT-FR6-CX-01",
              "name_sec": "EQX-TESTPOINT-FR6-CX-SEC-01",
              "prim": [
                "924ac976-a879-8791-2be0-3eea8c00a394"
              ],
              "sec": [
                "924ac976-a87a-87a1-2be0-3eea8c00a394"
              ]
            },
            "LD": {
              "prim": [
                ""
              ],
              "sec": [
                ""
              ]
            },
            "MA": {
              "prim": [
                ""
              ],
              "sec": [
                ""
              ]
            },
            "PA": {
              "prim": [
                ""
              ],
              "sec": [
                ""
              ]
            }
          },
          "description": "list out existing ports to be used with new infrastructure"
        },
        "project_id": {
          "default": "e6be59d9-62c0-4140-aad6-150f0700203c",
          "description": "Fabric Project-ID"
        }
      }
    }
  },
  "relevant_attributes": [
    {
      "resource": "equinix_fabric_cloud_router.fcr_fr",
      "attribute": [
        "uuid"
      ]
    },
    {
      "resource": "equinix_network_device.c8kv-redundant",
      "attribute": [
        "secondary_device",
        0,
        "uuid"
      ]
    },
    {
      "resource": "equinix_fabric_network.evplan_emea",
      "attribute": [
        "uuid"
      ]
    },
    {
      "resource": "equinix_fabric_network.ip_wan_emea",
      "attribute": [
        "uuid"
      ]
    },
    {
      "resource": "equinix_fabric_cloud_router.fcr_am",
      "attribute": [
        "uuid"
      ]
    },
    {
      "resource": "equinix_network_acl_template.new_acl",
      "attribute": [
        "id"
      ]
    }
  ],
  "timestamp": "2025-07-17T11:55:02Z",
  "applyable": true,
  "complete": true,
  "errored": false
}
